// !$*UTF8*$!
{
	archiveVersion = 1;
	classes = {
	};
	objectVersion = 46;
	objects = {

/* Begin PBXAggregateTarget section */
		"Decree::DecreePackageTests::ProductTarget" /* DecreePackageTests */ = {
			isa = PBXAggregateTarget;
			buildConfigurationList = OBJ_183 /* Build configuration list for PBXAggregateTarget "DecreePackageTests" */;
			buildPhases = (
			);
			dependencies = (
				OBJ_186 /* PBXTargetDependency */,
			);
			name = DecreePackageTests;
			productName = DecreePackageTests;
		};
/* End PBXAggregateTarget section */

/* Begin PBXBuildFile section */
		490F52AF231110D6005C3FEA /* ProgressObserver.swift in Sources */ = {isa = PBXBuildFile; fileRef = 490F52AE231110D6005C3FEA /* ProgressObserver.swift */; };
		490F52B123112104005C3FEA /* Endpoint+PrivateMakeRequest.swift in Sources */ = {isa = PBXBuildFile; fileRef = 490F52B023112104005C3FEA /* Endpoint+PrivateMakeRequest.swift */; };
		490F52B32311F579005C3FEA /* ProgressTests.swift in Sources */ = {isa = PBXBuildFile; fileRef = 490F52B22311F579005C3FEA /* ProgressTests.swift */; };
		499E17B2231E28080024A6AE /* DecreeRequest.swift in Sources */ = {isa = PBXBuildFile; fileRef = 499E17B1231E28080024A6AE /* DecreeRequest.swift */; };
		499E17B4231F1FA40024A6AE /* DownloadTests.swift in Sources */ = {isa = PBXBuildFile; fileRef = 499E17B3231F1FA40024A6AE /* DownloadTests.swift */; };
		49D65AF922FBC5AB00C79BC6 /* Expectations+Private.swift in Sources */ = {isa = PBXBuildFile; fileRef = 49D65AF822FBC5AB00C79BC6 /* Expectations+Private.swift */; };
		OBJ_138 /* Authorization.swift in Sources */ = {isa = PBXBuildFile; fileRef = OBJ_10 /* Authorization.swift */; };
		OBJ_139 /* AuthorizationRequirement.swift in Sources */ = {isa = PBXBuildFile; fileRef = OBJ_11 /* AuthorizationRequirement.swift */; };
		OBJ_140 /* DecreeError.swift in Sources */ = {isa = PBXBuildFile; fileRef = OBJ_12 /* DecreeError.swift */; };
		OBJ_141 /* DecreeErrorDescribable.swift in Sources */ = {isa = PBXBuildFile; fileRef = OBJ_13 /* DecreeErrorDescribable.swift */; };
		OBJ_142 /* EmptyResult.swift in Sources */ = {isa = PBXBuildFile; fileRef = OBJ_14 /* EmptyResult.swift */; };
		OBJ_143 /* ErrorHandling.swift in Sources */ = {isa = PBXBuildFile; fileRef = OBJ_15 /* ErrorHandling.swift */; };
		OBJ_144 /* ErrorResponse.swift in Sources */ = {isa = PBXBuildFile; fileRef = OBJ_16 /* ErrorResponse.swift */; };
		OBJ_145 /* File.swift in Sources */ = {isa = PBXBuildFile; fileRef = OBJ_17 /* File.swift */; };
		OBJ_146 /* InputFormat.swift in Sources */ = {isa = PBXBuildFile; fileRef = OBJ_18 /* InputFormat.swift */; };
		OBJ_147 /* Method.swift in Sources */ = {isa = PBXBuildFile; fileRef = OBJ_19 /* Method.swift */; };
		OBJ_148 /* NoBasicResponse.swift in Sources */ = {isa = PBXBuildFile; fileRef = OBJ_20 /* NoBasicResponse.swift */; };
		OBJ_149 /* OutputFormat.swift in Sources */ = {isa = PBXBuildFile; fileRef = OBJ_21 /* OutputFormat.swift */; };
		OBJ_150 /* Session.swift in Sources */ = {isa = PBXBuildFile; fileRef = OBJ_22 /* Session.swift */; };
		OBJ_151 /* Endpoint+MakeRequest.swift in Sources */ = {isa = PBXBuildFile; fileRef = OBJ_23 /* Endpoint+MakeRequest.swift */; };
		OBJ_152 /* Endpoint.swift in Sources */ = {isa = PBXBuildFile; fileRef = OBJ_24 /* Endpoint.swift */; };
		OBJ_153 /* Logger.swift in Sources */ = {isa = PBXBuildFile; fileRef = OBJ_25 /* Logger.swift */; };
		OBJ_154 /* WebService+AllRequestHandling.swift in Sources */ = {isa = PBXBuildFile; fileRef = OBJ_27 /* WebService+AllRequestHandling.swift */; };
		OBJ_155 /* WebService+Mocking.swift in Sources */ = {isa = PBXBuildFile; fileRef = OBJ_28 /* WebService+Mocking.swift */; };
		OBJ_156 /* WebServiceMock.swift in Sources */ = {isa = PBXBuildFile; fileRef = OBJ_29 /* WebServiceMock.swift */; };
		OBJ_157 /* DispatchQueue+Async.swift in Sources */ = {isa = PBXBuildFile; fileRef = OBJ_31 /* DispatchQueue+Async.swift */; };
		OBJ_158 /* Expectations.swift in Sources */ = {isa = PBXBuildFile; fileRef = OBJ_32 /* Expectations.swift */; };
		OBJ_159 /* FormDataEncoder.swift in Sources */ = {isa = PBXBuildFile; fileRef = OBJ_33 /* FormDataEncoder.swift */; };
		OBJ_160 /* FormURLEncoder.swift in Sources */ = {isa = PBXBuildFile; fileRef = OBJ_34 /* FormURLEncoder.swift */; };
		OBJ_161 /* HTTPStatus.swift in Sources */ = {isa = PBXBuildFile; fileRef = OBJ_35 /* HTTPStatus.swift */; };
		OBJ_162 /* KeyValueEncoder.swift in Sources */ = {isa = PBXBuildFile; fileRef = OBJ_36 /* KeyValueEncoder.swift */; };
		OBJ_163 /* NSXMLParser_ErrorCode.swift in Sources */ = {isa = PBXBuildFile; fileRef = OBJ_37 /* NSXMLParser_ErrorCode.swift */; };
		OBJ_164 /* RequestInput.swift in Sources */ = {isa = PBXBuildFile; fileRef = OBJ_38 /* RequestInput.swift */; };
		OBJ_165 /* String+Helpers.swift in Sources */ = {isa = PBXBuildFile; fileRef = OBJ_39 /* String+Helpers.swift */; };
		OBJ_166 /* String+TitleCase.swift in Sources */ = {isa = PBXBuildFile; fileRef = OBJ_40 /* String+TitleCase.swift */; };
		OBJ_167 /* URLRequest+Logging.swift in Sources */ = {isa = PBXBuildFile; fileRef = OBJ_41 /* URLRequest+Logging.swift */; };
		OBJ_168 /* URLResponse+Logging.swift in Sources */ = {isa = PBXBuildFile; fileRef = OBJ_42 /* URLResponse+Logging.swift */; };
		OBJ_169 /* WebService+MakeRequest.swift in Sources */ = {isa = PBXBuildFile; fileRef = OBJ_43 /* WebService+MakeRequest.swift */; };
		OBJ_170 /* WebServiceMock+HandleRequest.swift in Sources */ = {isa = PBXBuildFile; fileRef = OBJ_44 /* WebServiceMock+HandleRequest.swift */; };
		OBJ_171 /* WebService.swift in Sources */ = {isa = PBXBuildFile; fileRef = OBJ_45 /* WebService.swift */; };
		OBJ_173 /* XMLCoder.framework in Frameworks */ = {isa = PBXBuildFile; fileRef = "XMLCoder::XMLCoder::Product" /* XMLCoder.framework */; };
		OBJ_181 /* Package.swift in Sources */ = {isa = PBXBuildFile; fileRef = OBJ_6 /* Package.swift */; };
		OBJ_192 /* AllRequestHandlingTests.swift in Sources */ = {isa = PBXBuildFile; fileRef = OBJ_48 /* AllRequestHandlingTests.swift */; };
		OBJ_193 /* AuthenticationTests.swift in Sources */ = {isa = PBXBuildFile; fileRef = OBJ_49 /* AuthenticationTests.swift */; };
		OBJ_194 /* DecreeErrorTests.swift in Sources */ = {isa = PBXBuildFile; fileRef = OBJ_50 /* DecreeErrorTests.swift */; };
		OBJ_195 /* EmptyResultTests.swift in Sources */ = {isa = PBXBuildFile; fileRef = OBJ_51 /* EmptyResultTests.swift */; };
		OBJ_196 /* FileTests.swift in Sources */ = {isa = PBXBuildFile; fileRef = OBJ_52 /* FileTests.swift */; };
		OBJ_197 /* FormDataEncoderTests.swift in Sources */ = {isa = PBXBuildFile; fileRef = OBJ_53 /* FormDataEncoderTests.swift */; };
		OBJ_198 /* HTTPStatusTests.swift in Sources */ = {isa = PBXBuildFile; fileRef = OBJ_54 /* HTTPStatusTests.swift */; };
		OBJ_199 /* AuthenticatedService.swift in Sources */ = {isa = PBXBuildFile; fileRef = OBJ_56 /* AuthenticatedService.swift */; };
		OBJ_200 /* Data+Helpers.swift in Sources */ = {isa = PBXBuildFile; fileRef = OBJ_57 /* Data+Helpers.swift */; };
		OBJ_201 /* Decodable+Helpers.swift in Sources */ = {isa = PBXBuildFile; fileRef = OBJ_58 /* Decodable+Helpers.swift */; };
		OBJ_202 /* Result+Helpers.swift in Sources */ = {isa = PBXBuildFile; fileRef = OBJ_59 /* Result+Helpers.swift */; };
		OBJ_203 /* TestMinimalService.swift in Sources */ = {isa = PBXBuildFile; fileRef = OBJ_60 /* TestMinimalService.swift */; };
		OBJ_204 /* TestNoStandardsService.swift in Sources */ = {isa = PBXBuildFile; fileRef = OBJ_61 /* TestNoStandardsService.swift */; };
		OBJ_205 /* TestService.swift in Sources */ = {isa = PBXBuildFile; fileRef = OBJ_62 /* TestService.swift */; };
		OBJ_206 /* TestURLSession.swift in Sources */ = {isa = PBXBuildFile; fileRef = OBJ_63 /* TestURLSession.swift */; };
		OBJ_207 /* KeyValueEncoderTests.swift in Sources */ = {isa = PBXBuildFile; fileRef = OBJ_64 /* KeyValueEncoderTests.swift */; };
		OBJ_208 /* LoggerTests.swift in Sources */ = {isa = PBXBuildFile; fileRef = OBJ_65 /* LoggerTests.swift */; };
		OBJ_209 /* MakeRequestTestCase.swift in Sources */ = {isa = PBXBuildFile; fileRef = OBJ_66 /* MakeRequestTestCase.swift */; };
		OBJ_210 /* MockingTests.swift in Sources */ = {isa = PBXBuildFile; fileRef = OBJ_67 /* MockingTests.swift */; };
		OBJ_211 /* RequestFlowTests.swift in Sources */ = {isa = PBXBuildFile; fileRef = OBJ_68 /* RequestFlowTests.swift */; };
		OBJ_212 /* ResponseParsingTests.swift in Sources */ = {isa = PBXBuildFile; fileRef = OBJ_69 /* ResponseParsingTests.swift */; };
		OBJ_213 /* StatusCodeValidationTests.swift in Sources */ = {isa = PBXBuildFile; fileRef = OBJ_70 /* StatusCodeValidationTests.swift */; };
		OBJ_214 /* XCTestManifests.swift in Sources */ = {isa = PBXBuildFile; fileRef = OBJ_71 /* XCTestManifests.swift */; };
		OBJ_216 /* Decree.framework in Frameworks */ = {isa = PBXBuildFile; fileRef = "Decree::Decree::Product" /* Decree.framework */; };
		OBJ_217 /* XMLCoder.framework in Frameworks */ = {isa = PBXBuildFile; fileRef = "XMLCoder::XMLCoder::Product" /* XMLCoder.framework */; };
		OBJ_224 /* BoolBox.swift in Sources */ = {isa = PBXBuildFile; fileRef = OBJ_77 /* BoolBox.swift */; };
		OBJ_225 /* Box.swift in Sources */ = {isa = PBXBuildFile; fileRef = OBJ_78 /* Box.swift */; };
		OBJ_226 /* ChoiceBox.swift in Sources */ = {isa = PBXBuildFile; fileRef = OBJ_79 /* ChoiceBox.swift */; };
		OBJ_227 /* DataBox.swift in Sources */ = {isa = PBXBuildFile; fileRef = OBJ_80 /* DataBox.swift */; };
		OBJ_228 /* DateBox.swift in Sources */ = {isa = PBXBuildFile; fileRef = OBJ_81 /* DateBox.swift */; };
		OBJ_229 /* DecimalBox.swift in Sources */ = {isa = PBXBuildFile; fileRef = OBJ_82 /* DecimalBox.swift */; };
		OBJ_230 /* FloatBox.swift in Sources */ = {isa = PBXBuildFile; fileRef = OBJ_83 /* FloatBox.swift */; };
		OBJ_231 /* IntBox.swift in Sources */ = {isa = PBXBuildFile; fileRef = OBJ_84 /* IntBox.swift */; };
		OBJ_232 /* KeyedBox.swift in Sources */ = {isa = PBXBuildFile; fileRef = OBJ_85 /* KeyedBox.swift */; };
		OBJ_233 /* NullBox.swift in Sources */ = {isa = PBXBuildFile; fileRef = OBJ_86 /* NullBox.swift */; };
		OBJ_234 /* SharedBox.swift in Sources */ = {isa = PBXBuildFile; fileRef = OBJ_87 /* SharedBox.swift */; };
		OBJ_235 /* SingleKeyedBox.swift in Sources */ = {isa = PBXBuildFile; fileRef = OBJ_88 /* SingleKeyedBox.swift */; };
		OBJ_236 /* StringBox.swift in Sources */ = {isa = PBXBuildFile; fileRef = OBJ_89 /* StringBox.swift */; };
		OBJ_237 /* UIntBox.swift in Sources */ = {isa = PBXBuildFile; fileRef = OBJ_90 /* UIntBox.swift */; };
		OBJ_238 /* URLBox.swift in Sources */ = {isa = PBXBuildFile; fileRef = OBJ_91 /* URLBox.swift */; };
		OBJ_239 /* UnkeyedBox.swift in Sources */ = {isa = PBXBuildFile; fileRef = OBJ_92 /* UnkeyedBox.swift */; };
		OBJ_240 /* ISO8601DateFormatter.swift in Sources */ = {isa = PBXBuildFile; fileRef = OBJ_93 /* ISO8601DateFormatter.swift */; };
		OBJ_241 /* KeyedStorage.swift in Sources */ = {isa = PBXBuildFile; fileRef = OBJ_94 /* KeyedStorage.swift */; };
		OBJ_242 /* Metatypes.swift in Sources */ = {isa = PBXBuildFile; fileRef = OBJ_95 /* Metatypes.swift */; };
		OBJ_243 /* String+Extensions.swift in Sources */ = {isa = PBXBuildFile; fileRef = OBJ_96 /* String+Extensions.swift */; };
		OBJ_244 /* XMLChoiceCodingKey.swift in Sources */ = {isa = PBXBuildFile; fileRef = OBJ_97 /* XMLChoiceCodingKey.swift */; };
		OBJ_245 /* XMLCoderElement.swift in Sources */ = {isa = PBXBuildFile; fileRef = OBJ_98 /* XMLCoderElement.swift */; };
		OBJ_246 /* XMLHeader.swift in Sources */ = {isa = PBXBuildFile; fileRef = OBJ_99 /* XMLHeader.swift */; };
		OBJ_247 /* XMLKey.swift in Sources */ = {isa = PBXBuildFile; fileRef = OBJ_100 /* XMLKey.swift */; };
		OBJ_248 /* XMLStackParser.swift in Sources */ = {isa = PBXBuildFile; fileRef = OBJ_101 /* XMLStackParser.swift */; };
		OBJ_249 /* DecodingErrorExtension.swift in Sources */ = {isa = PBXBuildFile; fileRef = OBJ_103 /* DecodingErrorExtension.swift */; };
		OBJ_250 /* DynamicNodeDecoding.swift in Sources */ = {isa = PBXBuildFile; fileRef = OBJ_104 /* DynamicNodeDecoding.swift */; };
		OBJ_251 /* SingleValueDecodingContainer.swift in Sources */ = {isa = PBXBuildFile; fileRef = OBJ_105 /* SingleValueDecodingContainer.swift */; };
		OBJ_252 /* XMLChoiceDecodingContainer.swift in Sources */ = {isa = PBXBuildFile; fileRef = OBJ_106 /* XMLChoiceDecodingContainer.swift */; };
		OBJ_253 /* XMLDecoder.swift in Sources */ = {isa = PBXBuildFile; fileRef = OBJ_107 /* XMLDecoder.swift */; };
		OBJ_254 /* XMLDecoderImplementation.swift in Sources */ = {isa = PBXBuildFile; fileRef = OBJ_108 /* XMLDecoderImplementation.swift */; };
		OBJ_255 /* XMLDecodingStorage.swift in Sources */ = {isa = PBXBuildFile; fileRef = OBJ_109 /* XMLDecodingStorage.swift */; };
		OBJ_256 /* XMLKeyedDecodingContainer.swift in Sources */ = {isa = PBXBuildFile; fileRef = OBJ_110 /* XMLKeyedDecodingContainer.swift */; };
		OBJ_257 /* XMLUnkeyedDecodingContainer.swift in Sources */ = {isa = PBXBuildFile; fileRef = OBJ_111 /* XMLUnkeyedDecodingContainer.swift */; };
		OBJ_258 /* DynamicNodeEncoding.swift in Sources */ = {isa = PBXBuildFile; fileRef = OBJ_113 /* DynamicNodeEncoding.swift */; };
		OBJ_259 /* EncodingErrorExtension.swift in Sources */ = {isa = PBXBuildFile; fileRef = OBJ_114 /* EncodingErrorExtension.swift */; };
		OBJ_260 /* SingleValueEncodingContainer.swift in Sources */ = {isa = PBXBuildFile; fileRef = OBJ_115 /* SingleValueEncodingContainer.swift */; };
		OBJ_261 /* XMLChoiceEncodingContainer.swift in Sources */ = {isa = PBXBuildFile; fileRef = OBJ_116 /* XMLChoiceEncodingContainer.swift */; };
		OBJ_262 /* XMLEncoder.swift in Sources */ = {isa = PBXBuildFile; fileRef = OBJ_117 /* XMLEncoder.swift */; };
		OBJ_263 /* XMLEncoderImplementation.swift in Sources */ = {isa = PBXBuildFile; fileRef = OBJ_118 /* XMLEncoderImplementation.swift */; };
		OBJ_264 /* XMLEncodingStorage.swift in Sources */ = {isa = PBXBuildFile; fileRef = OBJ_119 /* XMLEncodingStorage.swift */; };
		OBJ_265 /* XMLKeyedEncodingContainer.swift in Sources */ = {isa = PBXBuildFile; fileRef = OBJ_120 /* XMLKeyedEncodingContainer.swift */; };
		OBJ_266 /* XMLReferencingEncoder.swift in Sources */ = {isa = PBXBuildFile; fileRef = OBJ_121 /* XMLReferencingEncoder.swift */; };
		OBJ_267 /* XMLUnkeyedEncodingContainer.swift in Sources */ = {isa = PBXBuildFile; fileRef = OBJ_122 /* XMLUnkeyedEncodingContainer.swift */; };
		OBJ_274 /* Package.swift in Sources */ = {isa = PBXBuildFile; fileRef = OBJ_123 /* Package.swift */; };
/* End PBXBuildFile section */

/* Begin PBXContainerItemProxy section */
		49D65AF422FB99CB00C79BC6 /* PBXContainerItemProxy */ = {
			isa = PBXContainerItemProxy;
			containerPortal = OBJ_1 /* Project object */;
			proxyType = 1;
			remoteGlobalIDString = "XMLCoder::XMLCoder";
			remoteInfo = XMLCoder;
		};
		49D65AF522FB99CB00C79BC6 /* PBXContainerItemProxy */ = {
			isa = PBXContainerItemProxy;
			containerPortal = OBJ_1 /* Project object */;
			proxyType = 1;
			remoteGlobalIDString = "Decree::Decree";
			remoteInfo = Decree;
		};
		49D65AF622FB99CB00C79BC6 /* PBXContainerItemProxy */ = {
			isa = PBXContainerItemProxy;
			containerPortal = OBJ_1 /* Project object */;
			proxyType = 1;
			remoteGlobalIDString = "XMLCoder::XMLCoder";
			remoteInfo = XMLCoder;
		};
		49D65AF722FB99CD00C79BC6 /* PBXContainerItemProxy */ = {
			isa = PBXContainerItemProxy;
			containerPortal = OBJ_1 /* Project object */;
			proxyType = 1;
			remoteGlobalIDString = "Decree::DecreeTests";
			remoteInfo = DecreeTests;
		};
/* End PBXContainerItemProxy section */

/* Begin PBXFileReference section */
		490F52AE231110D6005C3FEA /* ProgressObserver.swift */ = {isa = PBXFileReference; lastKnownFileType = sourcecode.swift; path = ProgressObserver.swift; sourceTree = "<group>"; };
		490F52B023112104005C3FEA /* Endpoint+PrivateMakeRequest.swift */ = {isa = PBXFileReference; lastKnownFileType = sourcecode.swift; path = "Endpoint+PrivateMakeRequest.swift"; sourceTree = "<group>"; };
		490F52B22311F579005C3FEA /* ProgressTests.swift */ = {isa = PBXFileReference; lastKnownFileType = sourcecode.swift; path = ProgressTests.swift; sourceTree = "<group>"; };
		499E17B1231E28080024A6AE /* DecreeRequest.swift */ = {isa = PBXFileReference; lastKnownFileType = sourcecode.swift; path = DecreeRequest.swift; sourceTree = "<group>"; };
		499E17B3231F1FA40024A6AE /* DownloadTests.swift */ = {isa = PBXFileReference; lastKnownFileType = sourcecode.swift; path = DownloadTests.swift; sourceTree = "<group>"; };
		49D65AF822FBC5AB00C79BC6 /* Expectations+Private.swift */ = {isa = PBXFileReference; lastKnownFileType = sourcecode.swift; path = "Expectations+Private.swift"; sourceTree = "<group>"; };
		"Decree::Decree::Product" /* Decree.framework */ = {isa = PBXFileReference; explicitFileType = wrapper.framework; path = Decree.framework; sourceTree = BUILT_PRODUCTS_DIR; };
		"Decree::DecreeTests::Product" /* DecreeTests.xctest */ = {isa = PBXFileReference; lastKnownFileType = file; path = DecreeTests.xctest; sourceTree = BUILT_PRODUCTS_DIR; };
		OBJ_10 /* Authorization.swift */ = {isa = PBXFileReference; lastKnownFileType = sourcecode.swift; path = Authorization.swift; sourceTree = "<group>"; };
		OBJ_100 /* XMLKey.swift */ = {isa = PBXFileReference; lastKnownFileType = sourcecode.swift; path = XMLKey.swift; sourceTree = "<group>"; };
		OBJ_101 /* XMLStackParser.swift */ = {isa = PBXFileReference; lastKnownFileType = sourcecode.swift; path = XMLStackParser.swift; sourceTree = "<group>"; };
		OBJ_103 /* DecodingErrorExtension.swift */ = {isa = PBXFileReference; lastKnownFileType = sourcecode.swift; path = DecodingErrorExtension.swift; sourceTree = "<group>"; };
		OBJ_104 /* DynamicNodeDecoding.swift */ = {isa = PBXFileReference; lastKnownFileType = sourcecode.swift; path = DynamicNodeDecoding.swift; sourceTree = "<group>"; };
		OBJ_105 /* SingleValueDecodingContainer.swift */ = {isa = PBXFileReference; lastKnownFileType = sourcecode.swift; path = SingleValueDecodingContainer.swift; sourceTree = "<group>"; };
		OBJ_106 /* XMLChoiceDecodingContainer.swift */ = {isa = PBXFileReference; lastKnownFileType = sourcecode.swift; path = XMLChoiceDecodingContainer.swift; sourceTree = "<group>"; };
		OBJ_107 /* XMLDecoder.swift */ = {isa = PBXFileReference; lastKnownFileType = sourcecode.swift; path = XMLDecoder.swift; sourceTree = "<group>"; };
		OBJ_108 /* XMLDecoderImplementation.swift */ = {isa = PBXFileReference; lastKnownFileType = sourcecode.swift; path = XMLDecoderImplementation.swift; sourceTree = "<group>"; };
		OBJ_109 /* XMLDecodingStorage.swift */ = {isa = PBXFileReference; lastKnownFileType = sourcecode.swift; path = XMLDecodingStorage.swift; sourceTree = "<group>"; };
		OBJ_11 /* AuthorizationRequirement.swift */ = {isa = PBXFileReference; lastKnownFileType = sourcecode.swift; path = AuthorizationRequirement.swift; sourceTree = "<group>"; };
		OBJ_110 /* XMLKeyedDecodingContainer.swift */ = {isa = PBXFileReference; lastKnownFileType = sourcecode.swift; path = XMLKeyedDecodingContainer.swift; sourceTree = "<group>"; };
		OBJ_111 /* XMLUnkeyedDecodingContainer.swift */ = {isa = PBXFileReference; lastKnownFileType = sourcecode.swift; path = XMLUnkeyedDecodingContainer.swift; sourceTree = "<group>"; };
		OBJ_113 /* DynamicNodeEncoding.swift */ = {isa = PBXFileReference; lastKnownFileType = sourcecode.swift; path = DynamicNodeEncoding.swift; sourceTree = "<group>"; };
		OBJ_114 /* EncodingErrorExtension.swift */ = {isa = PBXFileReference; lastKnownFileType = sourcecode.swift; path = EncodingErrorExtension.swift; sourceTree = "<group>"; };
		OBJ_115 /* SingleValueEncodingContainer.swift */ = {isa = PBXFileReference; lastKnownFileType = sourcecode.swift; path = SingleValueEncodingContainer.swift; sourceTree = "<group>"; };
		OBJ_116 /* XMLChoiceEncodingContainer.swift */ = {isa = PBXFileReference; lastKnownFileType = sourcecode.swift; path = XMLChoiceEncodingContainer.swift; sourceTree = "<group>"; };
		OBJ_117 /* XMLEncoder.swift */ = {isa = PBXFileReference; lastKnownFileType = sourcecode.swift; path = XMLEncoder.swift; sourceTree = "<group>"; };
		OBJ_118 /* XMLEncoderImplementation.swift */ = {isa = PBXFileReference; lastKnownFileType = sourcecode.swift; path = XMLEncoderImplementation.swift; sourceTree = "<group>"; };
		OBJ_119 /* XMLEncodingStorage.swift */ = {isa = PBXFileReference; lastKnownFileType = sourcecode.swift; path = XMLEncodingStorage.swift; sourceTree = "<group>"; };
		OBJ_12 /* DecreeError.swift */ = {isa = PBXFileReference; lastKnownFileType = sourcecode.swift; path = DecreeError.swift; sourceTree = "<group>"; };
		OBJ_120 /* XMLKeyedEncodingContainer.swift */ = {isa = PBXFileReference; lastKnownFileType = sourcecode.swift; path = XMLKeyedEncodingContainer.swift; sourceTree = "<group>"; };
		OBJ_121 /* XMLReferencingEncoder.swift */ = {isa = PBXFileReference; lastKnownFileType = sourcecode.swift; path = XMLReferencingEncoder.swift; sourceTree = "<group>"; };
		OBJ_122 /* XMLUnkeyedEncodingContainer.swift */ = {isa = PBXFileReference; lastKnownFileType = sourcecode.swift; path = XMLUnkeyedEncodingContainer.swift; sourceTree = "<group>"; };
		OBJ_123 /* Package.swift */ = {isa = PBXFileReference; explicitFileType = sourcecode.swift; name = Package.swift; path = "/Users/andrew/git/personal/decree-services/Packages/Decree/.build/checkouts/XMLCoder/Package.swift"; sourceTree = "<group>"; };
		OBJ_128 /* Assets */ = {isa = PBXFileReference; lastKnownFileType = folder; path = Assets; sourceTree = SOURCE_ROOT; };
		OBJ_129 /* LICENSE */ = {isa = PBXFileReference; lastKnownFileType = text; path = LICENSE; sourceTree = "<group>"; };
		OBJ_13 /* DecreeErrorDescribable.swift */ = {isa = PBXFileReference; lastKnownFileType = sourcecode.swift; path = DecreeErrorDescribable.swift; sourceTree = "<group>"; };
		OBJ_130 /* azure-pipelines.yml */ = {isa = PBXFileReference; lastKnownFileType = text; path = "azure-pipelines.yml"; sourceTree = "<group>"; };
		OBJ_131 /* README.md */ = {isa = PBXFileReference; lastKnownFileType = net.daringfireball.markdown; path = README.md; sourceTree = "<group>"; };
		OBJ_132 /* Decree.podspec */ = {isa = PBXFileReference; lastKnownFileType = text; path = Decree.podspec; sourceTree = "<group>"; };
		OBJ_14 /* EmptyResult.swift */ = {isa = PBXFileReference; lastKnownFileType = sourcecode.swift; path = EmptyResult.swift; sourceTree = "<group>"; };
		OBJ_15 /* ErrorHandling.swift */ = {isa = PBXFileReference; lastKnownFileType = sourcecode.swift; path = ErrorHandling.swift; sourceTree = "<group>"; };
		OBJ_16 /* ErrorResponse.swift */ = {isa = PBXFileReference; lastKnownFileType = sourcecode.swift; path = ErrorResponse.swift; sourceTree = "<group>"; };
		OBJ_17 /* File.swift */ = {isa = PBXFileReference; lastKnownFileType = sourcecode.swift; path = File.swift; sourceTree = "<group>"; };
		OBJ_18 /* InputFormat.swift */ = {isa = PBXFileReference; lastKnownFileType = sourcecode.swift; path = InputFormat.swift; sourceTree = "<group>"; };
		OBJ_19 /* Method.swift */ = {isa = PBXFileReference; lastKnownFileType = sourcecode.swift; path = Method.swift; sourceTree = "<group>"; };
		OBJ_20 /* NoBasicResponse.swift */ = {isa = PBXFileReference; lastKnownFileType = sourcecode.swift; path = NoBasicResponse.swift; sourceTree = "<group>"; };
		OBJ_21 /* OutputFormat.swift */ = {isa = PBXFileReference; lastKnownFileType = sourcecode.swift; path = OutputFormat.swift; sourceTree = "<group>"; };
		OBJ_22 /* Session.swift */ = {isa = PBXFileReference; lastKnownFileType = sourcecode.swift; path = Session.swift; sourceTree = "<group>"; };
		OBJ_23 /* Endpoint+MakeRequest.swift */ = {isa = PBXFileReference; lastKnownFileType = sourcecode.swift; path = "Endpoint+MakeRequest.swift"; sourceTree = "<group>"; };
		OBJ_24 /* Endpoint.swift */ = {isa = PBXFileReference; lastKnownFileType = sourcecode.swift; path = Endpoint.swift; sourceTree = "<group>"; };
		OBJ_25 /* Logger.swift */ = {isa = PBXFileReference; lastKnownFileType = sourcecode.swift; path = Logger.swift; sourceTree = "<group>"; };
		OBJ_27 /* WebService+AllRequestHandling.swift */ = {isa = PBXFileReference; lastKnownFileType = sourcecode.swift; path = "WebService+AllRequestHandling.swift"; sourceTree = "<group>"; };
		OBJ_28 /* WebService+Mocking.swift */ = {isa = PBXFileReference; lastKnownFileType = sourcecode.swift; path = "WebService+Mocking.swift"; sourceTree = "<group>"; };
		OBJ_29 /* WebServiceMock.swift */ = {isa = PBXFileReference; lastKnownFileType = sourcecode.swift; path = WebServiceMock.swift; sourceTree = "<group>"; };
		OBJ_31 /* DispatchQueue+Async.swift */ = {isa = PBXFileReference; lastKnownFileType = sourcecode.swift; path = "DispatchQueue+Async.swift"; sourceTree = "<group>"; };
		OBJ_32 /* Expectations.swift */ = {isa = PBXFileReference; lastKnownFileType = sourcecode.swift; path = Expectations.swift; sourceTree = "<group>"; };
		OBJ_33 /* FormDataEncoder.swift */ = {isa = PBXFileReference; lastKnownFileType = sourcecode.swift; path = FormDataEncoder.swift; sourceTree = "<group>"; };
		OBJ_34 /* FormURLEncoder.swift */ = {isa = PBXFileReference; lastKnownFileType = sourcecode.swift; path = FormURLEncoder.swift; sourceTree = "<group>"; };
		OBJ_35 /* HTTPStatus.swift */ = {isa = PBXFileReference; lastKnownFileType = sourcecode.swift; path = HTTPStatus.swift; sourceTree = "<group>"; };
		OBJ_36 /* KeyValueEncoder.swift */ = {isa = PBXFileReference; lastKnownFileType = sourcecode.swift; path = KeyValueEncoder.swift; sourceTree = "<group>"; };
		OBJ_37 /* NSXMLParser_ErrorCode.swift */ = {isa = PBXFileReference; lastKnownFileType = sourcecode.swift; path = NSXMLParser_ErrorCode.swift; sourceTree = "<group>"; };
		OBJ_38 /* RequestInput.swift */ = {isa = PBXFileReference; lastKnownFileType = sourcecode.swift; path = RequestInput.swift; sourceTree = "<group>"; };
		OBJ_39 /* String+Helpers.swift */ = {isa = PBXFileReference; lastKnownFileType = sourcecode.swift; path = "String+Helpers.swift"; sourceTree = "<group>"; };
		OBJ_40 /* String+TitleCase.swift */ = {isa = PBXFileReference; lastKnownFileType = sourcecode.swift; path = "String+TitleCase.swift"; sourceTree = "<group>"; };
		OBJ_41 /* URLRequest+Logging.swift */ = {isa = PBXFileReference; lastKnownFileType = sourcecode.swift; path = "URLRequest+Logging.swift"; sourceTree = "<group>"; };
		OBJ_42 /* URLResponse+Logging.swift */ = {isa = PBXFileReference; lastKnownFileType = sourcecode.swift; path = "URLResponse+Logging.swift"; sourceTree = "<group>"; };
		OBJ_43 /* WebService+MakeRequest.swift */ = {isa = PBXFileReference; lastKnownFileType = sourcecode.swift; path = "WebService+MakeRequest.swift"; sourceTree = "<group>"; };
		OBJ_44 /* WebServiceMock+HandleRequest.swift */ = {isa = PBXFileReference; lastKnownFileType = sourcecode.swift; path = "WebServiceMock+HandleRequest.swift"; sourceTree = "<group>"; };
		OBJ_45 /* WebService.swift */ = {isa = PBXFileReference; lastKnownFileType = sourcecode.swift; path = WebService.swift; sourceTree = "<group>"; };
		OBJ_48 /* AllRequestHandlingTests.swift */ = {isa = PBXFileReference; lastKnownFileType = sourcecode.swift; path = AllRequestHandlingTests.swift; sourceTree = "<group>"; };
		OBJ_49 /* AuthenticationTests.swift */ = {isa = PBXFileReference; lastKnownFileType = sourcecode.swift; path = AuthenticationTests.swift; sourceTree = "<group>"; };
		OBJ_50 /* DecreeErrorTests.swift */ = {isa = PBXFileReference; lastKnownFileType = sourcecode.swift; path = DecreeErrorTests.swift; sourceTree = "<group>"; };
		OBJ_51 /* EmptyResultTests.swift */ = {isa = PBXFileReference; lastKnownFileType = sourcecode.swift; path = EmptyResultTests.swift; sourceTree = "<group>"; };
		OBJ_52 /* FileTests.swift */ = {isa = PBXFileReference; lastKnownFileType = sourcecode.swift; path = FileTests.swift; sourceTree = "<group>"; };
		OBJ_53 /* FormDataEncoderTests.swift */ = {isa = PBXFileReference; lastKnownFileType = sourcecode.swift; path = FormDataEncoderTests.swift; sourceTree = "<group>"; };
		OBJ_54 /* HTTPStatusTests.swift */ = {isa = PBXFileReference; lastKnownFileType = sourcecode.swift; path = HTTPStatusTests.swift; sourceTree = "<group>"; };
		OBJ_56 /* AuthenticatedService.swift */ = {isa = PBXFileReference; lastKnownFileType = sourcecode.swift; path = AuthenticatedService.swift; sourceTree = "<group>"; };
		OBJ_57 /* Data+Helpers.swift */ = {isa = PBXFileReference; lastKnownFileType = sourcecode.swift; path = "Data+Helpers.swift"; sourceTree = "<group>"; };
		OBJ_58 /* Decodable+Helpers.swift */ = {isa = PBXFileReference; lastKnownFileType = sourcecode.swift; path = "Decodable+Helpers.swift"; sourceTree = "<group>"; };
		OBJ_59 /* Result+Helpers.swift */ = {isa = PBXFileReference; lastKnownFileType = sourcecode.swift; path = "Result+Helpers.swift"; sourceTree = "<group>"; };
		OBJ_6 /* Package.swift */ = {isa = PBXFileReference; explicitFileType = sourcecode.swift; path = Package.swift; sourceTree = "<group>"; };
		OBJ_60 /* TestMinimalService.swift */ = {isa = PBXFileReference; lastKnownFileType = sourcecode.swift; path = TestMinimalService.swift; sourceTree = "<group>"; };
		OBJ_61 /* TestNoStandardsService.swift */ = {isa = PBXFileReference; lastKnownFileType = sourcecode.swift; path = TestNoStandardsService.swift; sourceTree = "<group>"; };
		OBJ_62 /* TestService.swift */ = {isa = PBXFileReference; lastKnownFileType = sourcecode.swift; path = TestService.swift; sourceTree = "<group>"; };
		OBJ_63 /* TestURLSession.swift */ = {isa = PBXFileReference; lastKnownFileType = sourcecode.swift; path = TestURLSession.swift; sourceTree = "<group>"; };
		OBJ_64 /* KeyValueEncoderTests.swift */ = {isa = PBXFileReference; lastKnownFileType = sourcecode.swift; path = KeyValueEncoderTests.swift; sourceTree = "<group>"; };
		OBJ_65 /* LoggerTests.swift */ = {isa = PBXFileReference; lastKnownFileType = sourcecode.swift; path = LoggerTests.swift; sourceTree = "<group>"; };
		OBJ_66 /* MakeRequestTestCase.swift */ = {isa = PBXFileReference; lastKnownFileType = sourcecode.swift; path = MakeRequestTestCase.swift; sourceTree = "<group>"; };
		OBJ_67 /* MockingTests.swift */ = {isa = PBXFileReference; lastKnownFileType = sourcecode.swift; path = MockingTests.swift; sourceTree = "<group>"; };
		OBJ_68 /* RequestFlowTests.swift */ = {isa = PBXFileReference; lastKnownFileType = sourcecode.swift; path = RequestFlowTests.swift; sourceTree = "<group>"; };
		OBJ_69 /* ResponseParsingTests.swift */ = {isa = PBXFileReference; lastKnownFileType = sourcecode.swift; path = ResponseParsingTests.swift; sourceTree = "<group>"; };
		OBJ_70 /* StatusCodeValidationTests.swift */ = {isa = PBXFileReference; lastKnownFileType = sourcecode.swift; path = StatusCodeValidationTests.swift; sourceTree = "<group>"; };
		OBJ_71 /* XCTestManifests.swift */ = {isa = PBXFileReference; lastKnownFileType = sourcecode.swift; path = XCTestManifests.swift; sourceTree = "<group>"; };
		OBJ_77 /* BoolBox.swift */ = {isa = PBXFileReference; lastKnownFileType = sourcecode.swift; path = BoolBox.swift; sourceTree = "<group>"; };
		OBJ_78 /* Box.swift */ = {isa = PBXFileReference; lastKnownFileType = sourcecode.swift; path = Box.swift; sourceTree = "<group>"; };
		OBJ_79 /* ChoiceBox.swift */ = {isa = PBXFileReference; lastKnownFileType = sourcecode.swift; path = ChoiceBox.swift; sourceTree = "<group>"; };
		OBJ_80 /* DataBox.swift */ = {isa = PBXFileReference; lastKnownFileType = sourcecode.swift; path = DataBox.swift; sourceTree = "<group>"; };
		OBJ_81 /* DateBox.swift */ = {isa = PBXFileReference; lastKnownFileType = sourcecode.swift; path = DateBox.swift; sourceTree = "<group>"; };
		OBJ_82 /* DecimalBox.swift */ = {isa = PBXFileReference; lastKnownFileType = sourcecode.swift; path = DecimalBox.swift; sourceTree = "<group>"; };
		OBJ_83 /* FloatBox.swift */ = {isa = PBXFileReference; lastKnownFileType = sourcecode.swift; path = FloatBox.swift; sourceTree = "<group>"; };
		OBJ_84 /* IntBox.swift */ = {isa = PBXFileReference; lastKnownFileType = sourcecode.swift; path = IntBox.swift; sourceTree = "<group>"; };
		OBJ_85 /* KeyedBox.swift */ = {isa = PBXFileReference; lastKnownFileType = sourcecode.swift; path = KeyedBox.swift; sourceTree = "<group>"; };
		OBJ_86 /* NullBox.swift */ = {isa = PBXFileReference; lastKnownFileType = sourcecode.swift; path = NullBox.swift; sourceTree = "<group>"; };
		OBJ_87 /* SharedBox.swift */ = {isa = PBXFileReference; lastKnownFileType = sourcecode.swift; path = SharedBox.swift; sourceTree = "<group>"; };
		OBJ_88 /* SingleKeyedBox.swift */ = {isa = PBXFileReference; lastKnownFileType = sourcecode.swift; path = SingleKeyedBox.swift; sourceTree = "<group>"; };
		OBJ_89 /* StringBox.swift */ = {isa = PBXFileReference; lastKnownFileType = sourcecode.swift; path = StringBox.swift; sourceTree = "<group>"; };
		OBJ_90 /* UIntBox.swift */ = {isa = PBXFileReference; lastKnownFileType = sourcecode.swift; path = UIntBox.swift; sourceTree = "<group>"; };
		OBJ_91 /* URLBox.swift */ = {isa = PBXFileReference; lastKnownFileType = sourcecode.swift; path = URLBox.swift; sourceTree = "<group>"; };
		OBJ_92 /* UnkeyedBox.swift */ = {isa = PBXFileReference; lastKnownFileType = sourcecode.swift; path = UnkeyedBox.swift; sourceTree = "<group>"; };
		OBJ_93 /* ISO8601DateFormatter.swift */ = {isa = PBXFileReference; lastKnownFileType = sourcecode.swift; path = ISO8601DateFormatter.swift; sourceTree = "<group>"; };
		OBJ_94 /* KeyedStorage.swift */ = {isa = PBXFileReference; lastKnownFileType = sourcecode.swift; path = KeyedStorage.swift; sourceTree = "<group>"; };
		OBJ_95 /* Metatypes.swift */ = {isa = PBXFileReference; lastKnownFileType = sourcecode.swift; path = Metatypes.swift; sourceTree = "<group>"; };
		OBJ_96 /* String+Extensions.swift */ = {isa = PBXFileReference; lastKnownFileType = sourcecode.swift; path = "String+Extensions.swift"; sourceTree = "<group>"; };
		OBJ_97 /* XMLChoiceCodingKey.swift */ = {isa = PBXFileReference; lastKnownFileType = sourcecode.swift; path = XMLChoiceCodingKey.swift; sourceTree = "<group>"; };
		OBJ_98 /* XMLCoderElement.swift */ = {isa = PBXFileReference; lastKnownFileType = sourcecode.swift; path = XMLCoderElement.swift; sourceTree = "<group>"; };
		OBJ_99 /* XMLHeader.swift */ = {isa = PBXFileReference; lastKnownFileType = sourcecode.swift; path = XMLHeader.swift; sourceTree = "<group>"; };
		"XMLCoder::XMLCoder::Product" /* XMLCoder.framework */ = {isa = PBXFileReference; lastKnownFileType = wrapper.framework; path = XMLCoder.framework; sourceTree = BUILT_PRODUCTS_DIR; };
/* End PBXFileReference section */

/* Begin PBXFrameworksBuildPhase section */
		OBJ_172 /* Frameworks */ = {
			isa = PBXFrameworksBuildPhase;
			buildActionMask = 0;
			files = (
				OBJ_173 /* XMLCoder.framework in Frameworks */,
			);
			runOnlyForDeploymentPostprocessing = 0;
		};
		OBJ_215 /* Frameworks */ = {
			isa = PBXFrameworksBuildPhase;
			buildActionMask = 0;
			files = (
				OBJ_216 /* Decree.framework in Frameworks */,
				OBJ_217 /* XMLCoder.framework in Frameworks */,
			);
			runOnlyForDeploymentPostprocessing = 0;
		};
		OBJ_268 /* Frameworks */ = {
			isa = PBXFrameworksBuildPhase;
			buildActionMask = 0;
			files = (
			);
			runOnlyForDeploymentPostprocessing = 0;
		};
/* End PBXFrameworksBuildPhase section */

/* Begin PBXGroup section */
		OBJ_102 /* Decoder */ = {
			isa = PBXGroup;
			children = (
				OBJ_103 /* DecodingErrorExtension.swift */,
				OBJ_104 /* DynamicNodeDecoding.swift */,
				OBJ_105 /* SingleValueDecodingContainer.swift */,
				OBJ_106 /* XMLChoiceDecodingContainer.swift */,
				OBJ_107 /* XMLDecoder.swift */,
				OBJ_108 /* XMLDecoderImplementation.swift */,
				OBJ_109 /* XMLDecodingStorage.swift */,
				OBJ_110 /* XMLKeyedDecodingContainer.swift */,
				OBJ_111 /* XMLUnkeyedDecodingContainer.swift */,
			);
			path = Decoder;
			sourceTree = "<group>";
		};
		OBJ_112 /* Encoder */ = {
			isa = PBXGroup;
			children = (
				OBJ_113 /* DynamicNodeEncoding.swift */,
				OBJ_114 /* EncodingErrorExtension.swift */,
				OBJ_115 /* SingleValueEncodingContainer.swift */,
				OBJ_116 /* XMLChoiceEncodingContainer.swift */,
				OBJ_117 /* XMLEncoder.swift */,
				OBJ_118 /* XMLEncoderImplementation.swift */,
				OBJ_119 /* XMLEncodingStorage.swift */,
				OBJ_120 /* XMLKeyedEncodingContainer.swift */,
				OBJ_121 /* XMLReferencingEncoder.swift */,
				OBJ_122 /* XMLUnkeyedEncodingContainer.swift */,
			);
			path = Encoder;
			sourceTree = "<group>";
		};
		OBJ_124 /* Products */ = {
			isa = PBXGroup;
			children = (
				"Decree::DecreeTests::Product" /* DecreeTests.xctest */,
				"XMLCoder::XMLCoder::Product" /* XMLCoder.framework */,
				"Decree::Decree::Product" /* Decree.framework */,
			);
			name = Products;
			sourceTree = BUILT_PRODUCTS_DIR;
		};
		OBJ_26 /* Mocking */ = {
			isa = PBXGroup;
			children = (
				OBJ_32 /* Expectations.swift */,
				OBJ_27 /* WebService+AllRequestHandling.swift */,
				OBJ_28 /* WebService+Mocking.swift */,
				OBJ_29 /* WebServiceMock.swift */,
			);
			path = Mocking;
			sourceTree = "<group>";
		};
		OBJ_30 /* Private */ = {
			isa = PBXGroup;
			children = (
				OBJ_31 /* DispatchQueue+Async.swift */,
				OBJ_33 /* FormDataEncoder.swift */,
				OBJ_34 /* FormURLEncoder.swift */,
				OBJ_35 /* HTTPStatus.swift */,
				OBJ_36 /* KeyValueEncoder.swift */,
				OBJ_37 /* NSXMLParser_ErrorCode.swift */,
				OBJ_38 /* RequestInput.swift */,
				OBJ_39 /* String+Helpers.swift */,
				OBJ_40 /* String+TitleCase.swift */,
				OBJ_41 /* URLRequest+Logging.swift */,
				OBJ_42 /* URLResponse+Logging.swift */,
				OBJ_43 /* WebService+MakeRequest.swift */,
				OBJ_44 /* WebServiceMock+HandleRequest.swift */,
				49D65AF822FBC5AB00C79BC6 /* Expectations+Private.swift */,
				490F52AE231110D6005C3FEA /* ProgressObserver.swift */,
				490F52B023112104005C3FEA /* Endpoint+PrivateMakeRequest.swift */,
				499E17B1231E28080024A6AE /* DecreeRequest.swift */,
			);
			path = Private;
			sourceTree = "<group>";
		};
		OBJ_46 /* Tests */ = {
			isa = PBXGroup;
			children = (
				OBJ_47 /* DecreeTests */,
			);
			name = Tests;
			sourceTree = SOURCE_ROOT;
		};
		OBJ_47 /* DecreeTests */ = {
			isa = PBXGroup;
			children = (
				OBJ_48 /* AllRequestHandlingTests.swift */,
				OBJ_49 /* AuthenticationTests.swift */,
				OBJ_50 /* DecreeErrorTests.swift */,
				OBJ_51 /* EmptyResultTests.swift */,
				OBJ_52 /* FileTests.swift */,
				OBJ_53 /* FormDataEncoderTests.swift */,
				OBJ_54 /* HTTPStatusTests.swift */,
				OBJ_55 /* Helpers */,
				OBJ_64 /* KeyValueEncoderTests.swift */,
				OBJ_65 /* LoggerTests.swift */,
				OBJ_66 /* MakeRequestTestCase.swift */,
				OBJ_67 /* MockingTests.swift */,
				OBJ_68 /* RequestFlowTests.swift */,
				OBJ_69 /* ResponseParsingTests.swift */,
				OBJ_70 /* StatusCodeValidationTests.swift */,
				OBJ_71 /* XCTestManifests.swift */,
				490F52B22311F579005C3FEA /* ProgressTests.swift */,
				499E17B3231F1FA40024A6AE /* DownloadTests.swift */,
			);
			name = DecreeTests;
			path = Tests/DecreeTests;
			sourceTree = SOURCE_ROOT;
		};
		OBJ_5 = {
			isa = PBXGroup;
			children = (
				OBJ_6 /* Package.swift */,
				OBJ_7 /* Sources */,
				OBJ_46 /* Tests */,
				OBJ_72 /* Dependencies */,
				OBJ_124 /* Products */,
				OBJ_128 /* Assets */,
				OBJ_129 /* LICENSE */,
				OBJ_130 /* azure-pipelines.yml */,
				OBJ_131 /* README.md */,
				OBJ_132 /* Decree.podspec */,
			);
			sourceTree = "<group>";
		};
		OBJ_55 /* Helpers */ = {
			isa = PBXGroup;
			children = (
				OBJ_56 /* AuthenticatedService.swift */,
				OBJ_57 /* Data+Helpers.swift */,
				OBJ_58 /* Decodable+Helpers.swift */,
				OBJ_59 /* Result+Helpers.swift */,
				OBJ_60 /* TestMinimalService.swift */,
				OBJ_61 /* TestNoStandardsService.swift */,
				OBJ_62 /* TestService.swift */,
				OBJ_63 /* TestURLSession.swift */,
			);
			path = Helpers;
			sourceTree = "<group>";
		};
		OBJ_7 /* Sources */ = {
			isa = PBXGroup;
			children = (
				OBJ_8 /* Decree */,
			);
			name = Sources;
			sourceTree = SOURCE_ROOT;
		};
		OBJ_72 /* Dependencies */ = {
			isa = PBXGroup;
			children = (
				OBJ_73 /* XMLCoder 0.8.0 */,
			);
			name = Dependencies;
			sourceTree = "<group>";
		};
		OBJ_73 /* XMLCoder 0.8.0 */ = {
			isa = PBXGroup;
			children = (
				OBJ_74 /* XMLCoder */,
				OBJ_123 /* Package.swift */,
			);
			name = "XMLCoder 0.8.0";
			sourceTree = SOURCE_ROOT;
		};
		OBJ_74 /* XMLCoder */ = {
			isa = PBXGroup;
			children = (
				OBJ_75 /* Auxiliaries */,
				OBJ_102 /* Decoder */,
				OBJ_112 /* Encoder */,
			);
			name = XMLCoder;
			path = .build/checkouts/XMLCoder/Sources/XMLCoder;
			sourceTree = SOURCE_ROOT;
		};
		OBJ_75 /* Auxiliaries */ = {
			isa = PBXGroup;
			children = (
				OBJ_76 /* Box */,
				OBJ_93 /* ISO8601DateFormatter.swift */,
				OBJ_94 /* KeyedStorage.swift */,
				OBJ_95 /* Metatypes.swift */,
				OBJ_96 /* String+Extensions.swift */,
				OBJ_97 /* XMLChoiceCodingKey.swift */,
				OBJ_98 /* XMLCoderElement.swift */,
				OBJ_99 /* XMLHeader.swift */,
				OBJ_100 /* XMLKey.swift */,
				OBJ_101 /* XMLStackParser.swift */,
			);
			path = Auxiliaries;
			sourceTree = "<group>";
		};
		OBJ_76 /* Box */ = {
			isa = PBXGroup;
			children = (
				OBJ_77 /* BoolBox.swift */,
				OBJ_78 /* Box.swift */,
				OBJ_79 /* ChoiceBox.swift */,
				OBJ_80 /* DataBox.swift */,
				OBJ_81 /* DateBox.swift */,
				OBJ_82 /* DecimalBox.swift */,
				OBJ_83 /* FloatBox.swift */,
				OBJ_84 /* IntBox.swift */,
				OBJ_85 /* KeyedBox.swift */,
				OBJ_86 /* NullBox.swift */,
				OBJ_87 /* SharedBox.swift */,
				OBJ_88 /* SingleKeyedBox.swift */,
				OBJ_89 /* StringBox.swift */,
				OBJ_90 /* UIntBox.swift */,
				OBJ_91 /* URLBox.swift */,
				OBJ_92 /* UnkeyedBox.swift */,
			);
			path = Box;
			sourceTree = "<group>";
		};
		OBJ_8 /* Decree */ = {
			isa = PBXGroup;
			children = (
				OBJ_9 /* Basic Types */,
				OBJ_23 /* Endpoint+MakeRequest.swift */,
				OBJ_24 /* Endpoint.swift */,
				OBJ_25 /* Logger.swift */,
				OBJ_26 /* Mocking */,
				OBJ_30 /* Private */,
				OBJ_45 /* WebService.swift */,
			);
			name = Decree;
			path = Sources/Decree;
			sourceTree = SOURCE_ROOT;
		};
		OBJ_9 /* Basic Types */ = {
			isa = PBXGroup;
			children = (
				OBJ_10 /* Authorization.swift */,
				OBJ_11 /* AuthorizationRequirement.swift */,
				OBJ_12 /* DecreeError.swift */,
				OBJ_13 /* DecreeErrorDescribable.swift */,
				OBJ_14 /* EmptyResult.swift */,
				OBJ_15 /* ErrorHandling.swift */,
				OBJ_16 /* ErrorResponse.swift */,
				OBJ_17 /* File.swift */,
				OBJ_18 /* InputFormat.swift */,
				OBJ_19 /* Method.swift */,
				OBJ_20 /* NoBasicResponse.swift */,
				OBJ_21 /* OutputFormat.swift */,
				OBJ_22 /* Session.swift */,
			);
			path = "Basic Types";
			sourceTree = "<group>";
		};
/* End PBXGroup section */

/* Begin PBXNativeTarget section */
		"Decree::Decree" /* Decree */ = {
			isa = PBXNativeTarget;
			buildConfigurationList = OBJ_134 /* Build configuration list for PBXNativeTarget "Decree" */;
			buildPhases = (
				OBJ_137 /* Sources */,
				OBJ_172 /* Frameworks */,
			);
			buildRules = (
			);
			dependencies = (
				OBJ_174 /* PBXTargetDependency */,
			);
			name = Decree;
			productName = Decree;
			productReference = "Decree::Decree::Product" /* Decree.framework */;
			productType = "com.apple.product-type.framework";
		};
		"Decree::DecreeTests" /* DecreeTests */ = {
			isa = PBXNativeTarget;
			buildConfigurationList = OBJ_188 /* Build configuration list for PBXNativeTarget "DecreeTests" */;
			buildPhases = (
				OBJ_191 /* Sources */,
				OBJ_215 /* Frameworks */,
			);
			buildRules = (
			);
			dependencies = (
				OBJ_218 /* PBXTargetDependency */,
				OBJ_219 /* PBXTargetDependency */,
			);
			name = DecreeTests;
			productName = DecreeTests;
			productReference = "Decree::DecreeTests::Product" /* DecreeTests.xctest */;
			productType = "com.apple.product-type.bundle.unit-test";
		};
		"Decree::SwiftPMPackageDescription" /* DecreePackageDescription */ = {
			isa = PBXNativeTarget;
			buildConfigurationList = OBJ_177 /* Build configuration list for PBXNativeTarget "DecreePackageDescription" */;
			buildPhases = (
				OBJ_180 /* Sources */,
			);
			buildRules = (
			);
			dependencies = (
			);
			name = DecreePackageDescription;
			productName = DecreePackageDescription;
			productType = "com.apple.product-type.framework";
		};
		"XMLCoder::SwiftPMPackageDescription" /* XMLCoderPackageDescription */ = {
			isa = PBXNativeTarget;
			buildConfigurationList = OBJ_270 /* Build configuration list for PBXNativeTarget "XMLCoderPackageDescription" */;
			buildPhases = (
				OBJ_273 /* Sources */,
			);
			buildRules = (
			);
			dependencies = (
			);
			name = XMLCoderPackageDescription;
			productName = XMLCoderPackageDescription;
			productType = "com.apple.product-type.framework";
		};
		"XMLCoder::XMLCoder" /* XMLCoder */ = {
			isa = PBXNativeTarget;
			buildConfigurationList = OBJ_220 /* Build configuration list for PBXNativeTarget "XMLCoder" */;
			buildPhases = (
				OBJ_223 /* Sources */,
				OBJ_268 /* Frameworks */,
			);
			buildRules = (
			);
			dependencies = (
			);
			name = XMLCoder;
			productName = XMLCoder;
			productReference = "XMLCoder::XMLCoder::Product" /* XMLCoder.framework */;
			productType = "com.apple.product-type.framework";
		};
/* End PBXNativeTarget section */

/* Begin PBXProject section */
		OBJ_1 /* Project object */ = {
			isa = PBXProject;
			attributes = {
				LastSwiftMigration = 9999;
				LastUpgradeCheck = 9999;
			};
			buildConfigurationList = OBJ_2 /* Build configuration list for PBXProject "Decree" */;
			compatibilityVersion = "Xcode 3.2";
			developmentRegion = English;
			hasScannedForEncodings = 0;
			knownRegions = (
				English,
				en,
			);
			mainGroup = OBJ_5;
			productRefGroup = OBJ_124 /* Products */;
			projectDirPath = "";
			projectRoot = "";
			targets = (
				"Decree::Decree" /* Decree */,
				"Decree::SwiftPMPackageDescription" /* DecreePackageDescription */,
				"Decree::DecreePackageTests::ProductTarget" /* DecreePackageTests */,
				"Decree::DecreeTests" /* DecreeTests */,
				"XMLCoder::XMLCoder" /* XMLCoder */,
				"XMLCoder::SwiftPMPackageDescription" /* XMLCoderPackageDescription */,
			);
		};
/* End PBXProject section */

/* Begin PBXSourcesBuildPhase section */
		OBJ_137 /* Sources */ = {
			isa = PBXSourcesBuildPhase;
			buildActionMask = 0;
			files = (
				OBJ_138 /* Authorization.swift in Sources */,
				OBJ_139 /* AuthorizationRequirement.swift in Sources */,
				OBJ_140 /* DecreeError.swift in Sources */,
				499E17B2231E28080024A6AE /* DecreeRequest.swift in Sources */,
				OBJ_141 /* DecreeErrorDescribable.swift in Sources */,
				OBJ_142 /* EmptyResult.swift in Sources */,
				OBJ_143 /* ErrorHandling.swift in Sources */,
				OBJ_144 /* ErrorResponse.swift in Sources */,
				OBJ_145 /* File.swift in Sources */,
				OBJ_146 /* InputFormat.swift in Sources */,
				49D65AF922FBC5AB00C79BC6 /* Expectations+Private.swift in Sources */,
				OBJ_147 /* Method.swift in Sources */,
				OBJ_148 /* NoBasicResponse.swift in Sources */,
				OBJ_149 /* OutputFormat.swift in Sources */,
				OBJ_150 /* Session.swift in Sources */,
				OBJ_151 /* Endpoint+MakeRequest.swift in Sources */,
				OBJ_152 /* Endpoint.swift in Sources */,
				OBJ_153 /* Logger.swift in Sources */,
				OBJ_154 /* WebService+AllRequestHandling.swift in Sources */,
				OBJ_155 /* WebService+Mocking.swift in Sources */,
				OBJ_156 /* WebServiceMock.swift in Sources */,
				OBJ_157 /* DispatchQueue+Async.swift in Sources */,
				OBJ_158 /* Expectations.swift in Sources */,
				OBJ_159 /* FormDataEncoder.swift in Sources */,
				OBJ_160 /* FormURLEncoder.swift in Sources */,
				OBJ_161 /* HTTPStatus.swift in Sources */,
				OBJ_162 /* KeyValueEncoder.swift in Sources */,
				OBJ_163 /* NSXMLParser_ErrorCode.swift in Sources */,
				OBJ_164 /* RequestInput.swift in Sources */,
				OBJ_165 /* String+Helpers.swift in Sources */,
				OBJ_166 /* String+TitleCase.swift in Sources */,
				OBJ_167 /* URLRequest+Logging.swift in Sources */,
				OBJ_168 /* URLResponse+Logging.swift in Sources */,
				490F52AF231110D6005C3FEA /* ProgressObserver.swift in Sources */,
				OBJ_169 /* WebService+MakeRequest.swift in Sources */,
				490F52B123112104005C3FEA /* Endpoint+PrivateMakeRequest.swift in Sources */,
				OBJ_170 /* WebServiceMock+HandleRequest.swift in Sources */,
				OBJ_171 /* WebService.swift in Sources */,
			);
			runOnlyForDeploymentPostprocessing = 0;
		};
		OBJ_180 /* Sources */ = {
			isa = PBXSourcesBuildPhase;
			buildActionMask = 0;
			files = (
				OBJ_181 /* Package.swift in Sources */,
			);
			runOnlyForDeploymentPostprocessing = 0;
		};
		OBJ_191 /* Sources */ = {
			isa = PBXSourcesBuildPhase;
			buildActionMask = 0;
			files = (
				OBJ_192 /* AllRequestHandlingTests.swift in Sources */,
				OBJ_193 /* AuthenticationTests.swift in Sources */,
				OBJ_194 /* DecreeErrorTests.swift in Sources */,
				OBJ_195 /* EmptyResultTests.swift in Sources */,
				OBJ_196 /* FileTests.swift in Sources */,
				OBJ_197 /* FormDataEncoderTests.swift in Sources */,
				490F52B32311F579005C3FEA /* ProgressTests.swift in Sources */,
				OBJ_198 /* HTTPStatusTests.swift in Sources */,
				OBJ_199 /* AuthenticatedService.swift in Sources */,
				OBJ_200 /* Data+Helpers.swift in Sources */,
				OBJ_201 /* Decodable+Helpers.swift in Sources */,
				OBJ_202 /* Result+Helpers.swift in Sources */,
				OBJ_203 /* TestMinimalService.swift in Sources */,
				OBJ_204 /* TestNoStandardsService.swift in Sources */,
				OBJ_205 /* TestService.swift in Sources */,
				OBJ_206 /* TestURLSession.swift in Sources */,
				OBJ_207 /* KeyValueEncoderTests.swift in Sources */,
				OBJ_208 /* LoggerTests.swift in Sources */,
				OBJ_209 /* MakeRequestTestCase.swift in Sources */,
				499E17B4231F1FA40024A6AE /* DownloadTests.swift in Sources */,
				OBJ_210 /* MockingTests.swift in Sources */,
				OBJ_211 /* RequestFlowTests.swift in Sources */,
				OBJ_212 /* ResponseParsingTests.swift in Sources */,
				OBJ_213 /* StatusCodeValidationTests.swift in Sources */,
				OBJ_214 /* XCTestManifests.swift in Sources */,
			);
			runOnlyForDeploymentPostprocessing = 0;
		};
		OBJ_223 /* Sources */ = {
			isa = PBXSourcesBuildPhase;
			buildActionMask = 0;
			files = (
				OBJ_224 /* BoolBox.swift in Sources */,
				OBJ_225 /* Box.swift in Sources */,
				OBJ_226 /* ChoiceBox.swift in Sources */,
				OBJ_227 /* DataBox.swift in Sources */,
				OBJ_228 /* DateBox.swift in Sources */,
				OBJ_229 /* DecimalBox.swift in Sources */,
				OBJ_230 /* FloatBox.swift in Sources */,
				OBJ_231 /* IntBox.swift in Sources */,
				OBJ_232 /* KeyedBox.swift in Sources */,
				OBJ_233 /* NullBox.swift in Sources */,
				OBJ_234 /* SharedBox.swift in Sources */,
				OBJ_235 /* SingleKeyedBox.swift in Sources */,
				OBJ_236 /* StringBox.swift in Sources */,
				OBJ_237 /* UIntBox.swift in Sources */,
				OBJ_238 /* URLBox.swift in Sources */,
				OBJ_239 /* UnkeyedBox.swift in Sources */,
				OBJ_240 /* ISO8601DateFormatter.swift in Sources */,
				OBJ_241 /* KeyedStorage.swift in Sources */,
				OBJ_242 /* Metatypes.swift in Sources */,
				OBJ_243 /* String+Extensions.swift in Sources */,
				OBJ_244 /* XMLChoiceCodingKey.swift in Sources */,
				OBJ_245 /* XMLCoderElement.swift in Sources */,
				OBJ_246 /* XMLHeader.swift in Sources */,
				OBJ_247 /* XMLKey.swift in Sources */,
				OBJ_248 /* XMLStackParser.swift in Sources */,
				OBJ_249 /* DecodingErrorExtension.swift in Sources */,
				OBJ_250 /* DynamicNodeDecoding.swift in Sources */,
				OBJ_251 /* SingleValueDecodingContainer.swift in Sources */,
				OBJ_252 /* XMLChoiceDecodingContainer.swift in Sources */,
				OBJ_253 /* XMLDecoder.swift in Sources */,
				OBJ_254 /* XMLDecoderImplementation.swift in Sources */,
				OBJ_255 /* XMLDecodingStorage.swift in Sources */,
				OBJ_256 /* XMLKeyedDecodingContainer.swift in Sources */,
				OBJ_257 /* XMLUnkeyedDecodingContainer.swift in Sources */,
				OBJ_258 /* DynamicNodeEncoding.swift in Sources */,
				OBJ_259 /* EncodingErrorExtension.swift in Sources */,
				OBJ_260 /* SingleValueEncodingContainer.swift in Sources */,
				OBJ_261 /* XMLChoiceEncodingContainer.swift in Sources */,
				OBJ_262 /* XMLEncoder.swift in Sources */,
				OBJ_263 /* XMLEncoderImplementation.swift in Sources */,
				OBJ_264 /* XMLEncodingStorage.swift in Sources */,
				OBJ_265 /* XMLKeyedEncodingContainer.swift in Sources */,
				OBJ_266 /* XMLReferencingEncoder.swift in Sources */,
				OBJ_267 /* XMLUnkeyedEncodingContainer.swift in Sources */,
			);
			runOnlyForDeploymentPostprocessing = 0;
		};
		OBJ_273 /* Sources */ = {
			isa = PBXSourcesBuildPhase;
			buildActionMask = 0;
			files = (
				OBJ_274 /* Package.swift in Sources */,
			);
			runOnlyForDeploymentPostprocessing = 0;
		};
/* End PBXSourcesBuildPhase section */

/* Begin PBXTargetDependency section */
		OBJ_174 /* PBXTargetDependency */ = {
			isa = PBXTargetDependency;
			target = "XMLCoder::XMLCoder" /* XMLCoder */;
			targetProxy = 49D65AF422FB99CB00C79BC6 /* PBXContainerItemProxy */;
		};
		OBJ_186 /* PBXTargetDependency */ = {
			isa = PBXTargetDependency;
			target = "Decree::DecreeTests" /* DecreeTests */;
			targetProxy = 49D65AF722FB99CD00C79BC6 /* PBXContainerItemProxy */;
		};
		OBJ_218 /* PBXTargetDependency */ = {
			isa = PBXTargetDependency;
			target = "Decree::Decree" /* Decree */;
			targetProxy = 49D65AF522FB99CB00C79BC6 /* PBXContainerItemProxy */;
		};
		OBJ_219 /* PBXTargetDependency */ = {
			isa = PBXTargetDependency;
			target = "XMLCoder::XMLCoder" /* XMLCoder */;
			targetProxy = 49D65AF622FB99CB00C79BC6 /* PBXContainerItemProxy */;
		};
/* End PBXTargetDependency section */

/* Begin XCBuildConfiguration section */
		OBJ_135 /* Debug */ = {
			isa = XCBuildConfiguration;
			buildSettings = {
				ENABLE_TESTABILITY = YES;
				FRAMEWORK_SEARCH_PATHS = (
					"$(inherited)",
					"$(PLATFORM_DIR)/Developer/Library/Frameworks",
				);
				HEADER_SEARCH_PATHS = "$(inherited)";
				INFOPLIST_FILE = Decree.xcodeproj/Decree_Info.plist;
				IPHONEOS_DEPLOYMENT_TARGET = 8.0;
				LD_RUNPATH_SEARCH_PATHS = "$(inherited) $(TOOLCHAIN_DIR)/usr/lib/swift/macosx";
				MACOSX_DEPLOYMENT_TARGET = 10.10;
				OTHER_CFLAGS = "$(inherited)";
				OTHER_LDFLAGS = "$(inherited)";
				OTHER_SWIFT_FLAGS = "$(inherited)";
				PRODUCT_BUNDLE_IDENTIFIER = Decree;
				PRODUCT_MODULE_NAME = "$(TARGET_NAME:c99extidentifier)";
				PRODUCT_NAME = "$(TARGET_NAME:c99extidentifier)";
				SKIP_INSTALL = YES;
				SWIFT_ACTIVE_COMPILATION_CONDITIONS = "$(inherited)";
				SWIFT_VERSION = 5.0;
				TARGET_NAME = Decree;
				TVOS_DEPLOYMENT_TARGET = 9.0;
				WATCHOS_DEPLOYMENT_TARGET = 2.0;
			};
			name = Debug;
		};
		OBJ_136 /* Release */ = {
			isa = XCBuildConfiguration;
			buildSettings = {
				ENABLE_TESTABILITY = YES;
				FRAMEWORK_SEARCH_PATHS = (
					"$(inherited)",
					"$(PLATFORM_DIR)/Developer/Library/Frameworks",
				);
				HEADER_SEARCH_PATHS = "$(inherited)";
				INFOPLIST_FILE = Decree.xcodeproj/Decree_Info.plist;
				IPHONEOS_DEPLOYMENT_TARGET = 8.0;
				LD_RUNPATH_SEARCH_PATHS = "$(inherited) $(TOOLCHAIN_DIR)/usr/lib/swift/macosx";
				MACOSX_DEPLOYMENT_TARGET = 10.10;
				OTHER_CFLAGS = "$(inherited)";
				OTHER_LDFLAGS = "$(inherited)";
				OTHER_SWIFT_FLAGS = "$(inherited)";
				PRODUCT_BUNDLE_IDENTIFIER = Decree;
				PRODUCT_MODULE_NAME = "$(TARGET_NAME:c99extidentifier)";
				PRODUCT_NAME = "$(TARGET_NAME:c99extidentifier)";
				SKIP_INSTALL = YES;
				SWIFT_ACTIVE_COMPILATION_CONDITIONS = "$(inherited)";
				SWIFT_VERSION = 5.0;
				TARGET_NAME = Decree;
				TVOS_DEPLOYMENT_TARGET = 9.0;
				WATCHOS_DEPLOYMENT_TARGET = 2.0;
			};
			name = Release;
		};
		OBJ_178 /* Debug */ = {
			isa = XCBuildConfiguration;
			buildSettings = {
				LD = /usr/bin/true;
				OTHER_SWIFT_FLAGS = "-swift-version 5 -I $(TOOLCHAIN_DIR)/usr/lib/swift/pm/4_2 -target x86_64-apple-macosx10.10 -sdk /Applications/Xcode.app/Contents/Developer/Platforms/MacOSX.platform/Developer/SDKs/MacOSX10.14.sdk";
				SWIFT_VERSION = 5.0;
			};
			name = Debug;
		};
		OBJ_179 /* Release */ = {
			isa = XCBuildConfiguration;
			buildSettings = {
				LD = /usr/bin/true;
				OTHER_SWIFT_FLAGS = "-swift-version 5 -I $(TOOLCHAIN_DIR)/usr/lib/swift/pm/4_2 -target x86_64-apple-macosx10.10 -sdk /Applications/Xcode.app/Contents/Developer/Platforms/MacOSX.platform/Developer/SDKs/MacOSX10.14.sdk";
				SWIFT_VERSION = 5.0;
			};
			name = Release;
		};
		OBJ_184 /* Debug */ = {
			isa = XCBuildConfiguration;
			buildSettings = {
			};
			name = Debug;
		};
		OBJ_185 /* Release */ = {
			isa = XCBuildConfiguration;
			buildSettings = {
			};
			name = Release;
		};
		OBJ_189 /* Debug */ = {
			isa = XCBuildConfiguration;
			buildSettings = {
				CLANG_ENABLE_MODULES = YES;
				EMBEDDED_CONTENT_CONTAINS_SWIFT = YES;
				FRAMEWORK_SEARCH_PATHS = (
					"$(inherited)",
					"$(PLATFORM_DIR)/Developer/Library/Frameworks",
				);
				HEADER_SEARCH_PATHS = "$(inherited)";
				INFOPLIST_FILE = Decree.xcodeproj/DecreeTests_Info.plist;
				IPHONEOS_DEPLOYMENT_TARGET = 8.0;
				LD_RUNPATH_SEARCH_PATHS = "$(inherited) @loader_path/../Frameworks @loader_path/Frameworks";
				MACOSX_DEPLOYMENT_TARGET = 10.10;
				OTHER_CFLAGS = "$(inherited)";
				OTHER_LDFLAGS = "$(inherited)";
				OTHER_SWIFT_FLAGS = "$(inherited)";
				SWIFT_ACTIVE_COMPILATION_CONDITIONS = "$(inherited)";
				SWIFT_VERSION = 5.0;
				TARGET_NAME = DecreeTests;
				TVOS_DEPLOYMENT_TARGET = 9.0;
				WATCHOS_DEPLOYMENT_TARGET = 2.0;
			};
			name = Debug;
		};
		OBJ_190 /* Release */ = {
			isa = XCBuildConfiguration;
			buildSettings = {
				CLANG_ENABLE_MODULES = YES;
				EMBEDDED_CONTENT_CONTAINS_SWIFT = YES;
				FRAMEWORK_SEARCH_PATHS = (
					"$(inherited)",
					"$(PLATFORM_DIR)/Developer/Library/Frameworks",
				);
				HEADER_SEARCH_PATHS = "$(inherited)";
				INFOPLIST_FILE = Decree.xcodeproj/DecreeTests_Info.plist;
				IPHONEOS_DEPLOYMENT_TARGET = 8.0;
				LD_RUNPATH_SEARCH_PATHS = "$(inherited) @loader_path/../Frameworks @loader_path/Frameworks";
				MACOSX_DEPLOYMENT_TARGET = 10.10;
				OTHER_CFLAGS = "$(inherited)";
				OTHER_LDFLAGS = "$(inherited)";
				OTHER_SWIFT_FLAGS = "$(inherited)";
				SWIFT_ACTIVE_COMPILATION_CONDITIONS = "$(inherited)";
				SWIFT_VERSION = 5.0;
				TARGET_NAME = DecreeTests;
				TVOS_DEPLOYMENT_TARGET = 9.0;
				WATCHOS_DEPLOYMENT_TARGET = 2.0;
			};
			name = Release;
		};
		OBJ_221 /* Debug */ = {
			isa = XCBuildConfiguration;
			buildSettings = {
				ENABLE_TESTABILITY = YES;
				FRAMEWORK_SEARCH_PATHS = (
					"$(inherited)",
					"$(PLATFORM_DIR)/Developer/Library/Frameworks",
				);
				HEADER_SEARCH_PATHS = "$(inherited)";
				INFOPLIST_FILE = Decree.xcodeproj/XMLCoder_Info.plist;
				IPHONEOS_DEPLOYMENT_TARGET = 8.0;
				LD_RUNPATH_SEARCH_PATHS = "$(inherited) $(TOOLCHAIN_DIR)/usr/lib/swift/macosx";
				MACOSX_DEPLOYMENT_TARGET = 10.10;
				OTHER_CFLAGS = "$(inherited)";
				OTHER_LDFLAGS = "$(inherited)";
				OTHER_SWIFT_FLAGS = "$(inherited)";
				PRODUCT_BUNDLE_IDENTIFIER = XMLCoder;
				PRODUCT_MODULE_NAME = "$(TARGET_NAME:c99extidentifier)";
				PRODUCT_NAME = "$(TARGET_NAME:c99extidentifier)";
				SKIP_INSTALL = YES;
				SWIFT_ACTIVE_COMPILATION_CONDITIONS = "$(inherited)";
				SWIFT_VERSION = 5.0;
				TARGET_NAME = XMLCoder;
				TVOS_DEPLOYMENT_TARGET = 9.0;
				WATCHOS_DEPLOYMENT_TARGET = 2.0;
			};
			name = Debug;
		};
		OBJ_222 /* Release */ = {
			isa = XCBuildConfiguration;
			buildSettings = {
				ENABLE_TESTABILITY = YES;
				FRAMEWORK_SEARCH_PATHS = (
					"$(inherited)",
					"$(PLATFORM_DIR)/Developer/Library/Frameworks",
				);
				HEADER_SEARCH_PATHS = "$(inherited)";
				INFOPLIST_FILE = Decree.xcodeproj/XMLCoder_Info.plist;
				IPHONEOS_DEPLOYMENT_TARGET = 8.0;
				LD_RUNPATH_SEARCH_PATHS = "$(inherited) $(TOOLCHAIN_DIR)/usr/lib/swift/macosx";
				MACOSX_DEPLOYMENT_TARGET = 10.10;
				OTHER_CFLAGS = "$(inherited)";
				OTHER_LDFLAGS = "$(inherited)";
				OTHER_SWIFT_FLAGS = "$(inherited)";
				PRODUCT_BUNDLE_IDENTIFIER = XMLCoder;
				PRODUCT_MODULE_NAME = "$(TARGET_NAME:c99extidentifier)";
				PRODUCT_NAME = "$(TARGET_NAME:c99extidentifier)";
				SKIP_INSTALL = YES;
				SWIFT_ACTIVE_COMPILATION_CONDITIONS = "$(inherited)";
				SWIFT_VERSION = 5.0;
				TARGET_NAME = XMLCoder;
				TVOS_DEPLOYMENT_TARGET = 9.0;
				WATCHOS_DEPLOYMENT_TARGET = 2.0;
			};
			name = Release;
		};
		OBJ_271 /* Debug */ = {
			isa = XCBuildConfiguration;
			buildSettings = {
				LD = /usr/bin/true;
				OTHER_SWIFT_FLAGS = "-swift-version 5 -I $(TOOLCHAIN_DIR)/usr/lib/swift/pm/4_2 -target x86_64-apple-macosx10.10 -sdk /Applications/Xcode.app/Contents/Developer/Platforms/MacOSX.platform/Developer/SDKs/MacOSX10.14.sdk";
				SWIFT_VERSION = 5.0;
			};
			name = Debug;
		};
		OBJ_272 /* Release */ = {
			isa = XCBuildConfiguration;
			buildSettings = {
				LD = /usr/bin/true;
				OTHER_SWIFT_FLAGS = "-swift-version 5 -I $(TOOLCHAIN_DIR)/usr/lib/swift/pm/4_2 -target x86_64-apple-macosx10.10 -sdk /Applications/Xcode.app/Contents/Developer/Platforms/MacOSX.platform/Developer/SDKs/MacOSX10.14.sdk";
				SWIFT_VERSION = 5.0;
			};
			name = Release;
		};
		OBJ_3 /* Debug */ = {
			isa = XCBuildConfiguration;
			buildSettings = {
				CLANG_ENABLE_OBJC_ARC = YES;
				COMBINE_HIDPI_IMAGES = YES;
				COPY_PHASE_STRIP = NO;
				CURRENT_PROJECT_VERSION = 4;
				DEBUG_INFORMATION_FORMAT = dwarf;
				DYLIB_INSTALL_NAME_BASE = "@rpath";
				ENABLE_NS_ASSERTIONS = YES;
				GCC_OPTIMIZATION_LEVEL = 0;
				GCC_PREPROCESSOR_DEFINITIONS = (
					"$(inherited)",
					"SWIFT_PACKAGE=1",
					"DEBUG=1",
				);
				MACOSX_DEPLOYMENT_TARGET = 10.10;
				ONLY_ACTIVE_ARCH = YES;
				OTHER_SWIFT_FLAGS = "-DXcode";
				PRODUCT_NAME = "$(TARGET_NAME)";
				SDKROOT = macosx;
				SUPPORTED_PLATFORMS = "macosx iphoneos iphonesimulator appletvos appletvsimulator watchos watchsimulator";
				SWIFT_ACTIVE_COMPILATION_CONDITIONS = "$(inherited) SWIFT_PACKAGE DEBUG";
				SWIFT_OPTIMIZATION_LEVEL = "-Onone";
				USE_HEADERMAP = NO;
			};
			name = Debug;
		};
		OBJ_4 /* Release */ = {
			isa = XCBuildConfiguration;
			buildSettings = {
				CLANG_ENABLE_OBJC_ARC = YES;
				COMBINE_HIDPI_IMAGES = YES;
				COPY_PHASE_STRIP = YES;
				CURRENT_PROJECT_VERSION = 4;
				DEBUG_INFORMATION_FORMAT = "dwarf-with-dsym";
				DYLIB_INSTALL_NAME_BASE = "@rpath";
				GCC_OPTIMIZATION_LEVEL = s;
				GCC_PREPROCESSOR_DEFINITIONS = (
					"$(inherited)",
					"SWIFT_PACKAGE=1",
				);
				MACOSX_DEPLOYMENT_TARGET = 10.10;
				OTHER_SWIFT_FLAGS = "-DXcode";
				PRODUCT_NAME = "$(TARGET_NAME)";
				SDKROOT = macosx;
				SUPPORTED_PLATFORMS = "macosx iphoneos iphonesimulator appletvos appletvsimulator watchos watchsimulator";
				SWIFT_ACTIVE_COMPILATION_CONDITIONS = "$(inherited) SWIFT_PACKAGE";
				SWIFT_OPTIMIZATION_LEVEL = "-Owholemodule";
				USE_HEADERMAP = NO;
			};
			name = Release;
		};
/* End XCBuildConfiguration section */

/* Begin XCConfigurationList section */
		OBJ_134 /* Build configuration list for PBXNativeTarget "Decree" */ = {
			isa = XCConfigurationList;
			buildConfigurations = (
				OBJ_135 /* Debug */,
				OBJ_136 /* Release */,
			);
			defaultConfigurationIsVisible = 0;
			defaultConfigurationName = Release;
		};
		OBJ_177 /* Build configuration list for PBXNativeTarget "DecreePackageDescription" */ = {
			isa = XCConfigurationList;
			buildConfigurations = (
				OBJ_178 /* Debug */,
				OBJ_179 /* Release */,
			);
			defaultConfigurationIsVisible = 0;
			defaultConfigurationName = Release;
		};
		OBJ_183 /* Build configuration list for PBXAggregateTarget "DecreePackageTests" */ = {
			isa = XCConfigurationList;
			buildConfigurations = (
				OBJ_184 /* Debug */,
				OBJ_185 /* Release */,
			);
			defaultConfigurationIsVisible = 0;
			defaultConfigurationName = Release;
		};
		OBJ_188 /* Build configuration list for PBXNativeTarget "DecreeTests" */ = {
			isa = XCConfigurationList;
			buildConfigurations = (
				OBJ_189 /* Debug */,
				OBJ_190 /* Release */,
			);
			defaultConfigurationIsVisible = 0;
			defaultConfigurationName = Release;
		};
		OBJ_2 /* Build configuration list for PBXProject "Decree" */ = {
			isa = XCConfigurationList;
			buildConfigurations = (
				OBJ_3 /* Debug */,
				OBJ_4 /* Release */,
			);
			defaultConfigurationIsVisible = 0;
			defaultConfigurationName = Release;
		};
		OBJ_220 /* Build configuration list for PBXNativeTarget "XMLCoder" */ = {
			isa = XCConfigurationList;
			buildConfigurations = (
				OBJ_221 /* Debug */,
				OBJ_222 /* Release */,
			);
			defaultConfigurationIsVisible = 0;
			defaultConfigurationName = Release;
		};
		OBJ_270 /* Build configuration list for PBXNativeTarget "XMLCoderPackageDescription" */ = {
			isa = XCConfigurationList;
			buildConfigurations = (
				OBJ_271 /* Debug */,
				OBJ_272 /* Release */,
			);
			defaultConfigurationIsVisible = 0;
			defaultConfigurationName = Release;
		};
/* End XCConfigurationList section */
	};
	rootObject = OBJ_1 /* Project object */;
}
