// !$*UTF8*$!
{
	archiveVersion = 1;
	classes = {
	};
	objectVersion = 46;
	objects = {

/* Begin PBXAggregateTarget section */
		"Decree::DecreePackageTests::ProductTarget" /* DecreePackageTests */ = {
			isa = PBXAggregateTarget;
			buildConfigurationList = OBJ_151 /* Build configuration list for PBXAggregateTarget "DecreePackageTests" */;
			buildPhases = (
			);
			dependencies = (
				OBJ_154 /* PBXTargetDependency */,
			);
			name = DecreePackageTests;
			productName = DecreePackageTests;
		};
/* End PBXAggregateTarget section */

/* Begin PBXBuildFile section */
		494A034922E7C04900F2B18B /* Logger.swift in Sources */ = {isa = PBXBuildFile; fileRef = 494A034822E7C04900F2B18B /* Logger.swift */; };
		494A034C22E7C22F00F2B18B /* URLRequest+Logging.swift in Sources */ = {isa = PBXBuildFile; fileRef = 494A034B22E7C22F00F2B18B /* URLRequest+Logging.swift */; };
		494A034E22E7C68A00F2B18B /* URLResponse+Logging.swift in Sources */ = {isa = PBXBuildFile; fileRef = 494A034D22E7C68A00F2B18B /* URLResponse+Logging.swift */; };
		494A035022E7CA8E00F2B18B /* HTTPStatus.swift in Sources */ = {isa = PBXBuildFile; fileRef = 494A034F22E7CA8E00F2B18B /* HTTPStatus.swift */; };
		494A035222E7CF8100F2B18B /* LoggerTests.swift in Sources */ = {isa = PBXBuildFile; fileRef = 494A035122E7CF8100F2B18B /* LoggerTests.swift */; };
		494A083D22E83B5F00F2B18B /* HTTPStatusTests.swift in Sources */ = {isa = PBXBuildFile; fileRef = 494A083C22E83B5F00F2B18B /* HTTPStatusTests.swift */; };
		OBJ_116 /* Authorization.swift in Sources */ = {isa = PBXBuildFile; fileRef = OBJ_10 /* Authorization.swift */; };
		OBJ_117 /* AuthorizationRequirement.swift in Sources */ = {isa = PBXBuildFile; fileRef = OBJ_11 /* AuthorizationRequirement.swift */; };
		OBJ_118 /* EmptyResult.swift in Sources */ = {isa = PBXBuildFile; fileRef = OBJ_12 /* EmptyResult.swift */; };
		OBJ_119 /* ErrorHandling.swift in Sources */ = {isa = PBXBuildFile; fileRef = OBJ_13 /* ErrorHandling.swift */; };
		OBJ_120 /* ErrorResponse.swift in Sources */ = {isa = PBXBuildFile; fileRef = OBJ_14 /* ErrorResponse.swift */; };
		OBJ_121 /* File.swift in Sources */ = {isa = PBXBuildFile; fileRef = OBJ_15 /* File.swift */; };
		OBJ_122 /* InputFormat.swift in Sources */ = {isa = PBXBuildFile; fileRef = OBJ_16 /* InputFormat.swift */; };
		OBJ_123 /* Method.swift in Sources */ = {isa = PBXBuildFile; fileRef = OBJ_17 /* Method.swift */; };
		OBJ_124 /* NoBasicResponse.swift in Sources */ = {isa = PBXBuildFile; fileRef = OBJ_18 /* NoBasicResponse.swift */; };
		OBJ_125 /* OutputFormat.swift in Sources */ = {isa = PBXBuildFile; fileRef = OBJ_19 /* OutputFormat.swift */; };
		OBJ_126 /* RequestError.swift in Sources */ = {isa = PBXBuildFile; fileRef = OBJ_20 /* RequestError.swift */; };
		OBJ_127 /* ResponseError.swift in Sources */ = {isa = PBXBuildFile; fileRef = OBJ_21 /* ResponseError.swift */; };
		OBJ_128 /* Session.swift in Sources */ = {isa = PBXBuildFile; fileRef = OBJ_22 /* Session.swift */; };
		OBJ_129 /* Endpoint+MakeRequest.swift in Sources */ = {isa = PBXBuildFile; fileRef = OBJ_23 /* Endpoint+MakeRequest.swift */; };
		OBJ_130 /* Endpoint.swift in Sources */ = {isa = PBXBuildFile; fileRef = OBJ_24 /* Endpoint.swift */; };
		OBJ_132 /* FormDataEncoder.swift in Sources */ = {isa = PBXBuildFile; fileRef = OBJ_27 /* FormDataEncoder.swift */; };
		OBJ_133 /* FormURLEncoder.swift in Sources */ = {isa = PBXBuildFile; fileRef = OBJ_28 /* FormURLEncoder.swift */; };
		OBJ_134 /* KeyValueEncoder.swift in Sources */ = {isa = PBXBuildFile; fileRef = OBJ_29 /* KeyValueEncoder.swift */; };
		OBJ_135 /* NSXMLParser_ErrorCode.swift in Sources */ = {isa = PBXBuildFile; fileRef = OBJ_30 /* NSXMLParser_ErrorCode.swift */; };
		OBJ_136 /* RequestInput.swift in Sources */ = {isa = PBXBuildFile; fileRef = OBJ_31 /* RequestInput.swift */; };
		OBJ_137 /* String+Helpers.swift in Sources */ = {isa = PBXBuildFile; fileRef = OBJ_32 /* String+Helpers.swift */; };
		OBJ_138 /* WebService+MakeRequest.swift in Sources */ = {isa = PBXBuildFile; fileRef = OBJ_33 /* WebService+MakeRequest.swift */; };
		OBJ_139 /* WebService.swift in Sources */ = {isa = PBXBuildFile; fileRef = OBJ_34 /* WebService.swift */; };
		OBJ_141 /* XMLCoder.framework in Frameworks */ = {isa = PBXBuildFile; fileRef = "XMLCoder::XMLCoder::Product" /* XMLCoder.framework */; };
		OBJ_149 /* Package.swift in Sources */ = {isa = PBXBuildFile; fileRef = OBJ_6 /* Package.swift */; };
		OBJ_160 /* AuthenticationTests.swift in Sources */ = {isa = PBXBuildFile; fileRef = OBJ_37 /* AuthenticationTests.swift */; };
		OBJ_161 /* EmptyResultTests.swift in Sources */ = {isa = PBXBuildFile; fileRef = OBJ_38 /* EmptyResultTests.swift */; };
		OBJ_162 /* FileTests.swift in Sources */ = {isa = PBXBuildFile; fileRef = OBJ_39 /* FileTests.swift */; };
		OBJ_163 /* FormDataEncoderTests.swift in Sources */ = {isa = PBXBuildFile; fileRef = OBJ_40 /* FormDataEncoderTests.swift */; };
		OBJ_164 /* AuthenticatedService.swift in Sources */ = {isa = PBXBuildFile; fileRef = OBJ_42 /* AuthenticatedService.swift */; };
		OBJ_165 /* Data+Helpers.swift in Sources */ = {isa = PBXBuildFile; fileRef = OBJ_43 /* Data+Helpers.swift */; };
		OBJ_166 /* Decodable+Helpers.swift in Sources */ = {isa = PBXBuildFile; fileRef = OBJ_44 /* Decodable+Helpers.swift */; };
		OBJ_167 /* Result+Helpers.swift in Sources */ = {isa = PBXBuildFile; fileRef = OBJ_45 /* Result+Helpers.swift */; };
		OBJ_168 /* TestMinimalService.swift in Sources */ = {isa = PBXBuildFile; fileRef = OBJ_46 /* TestMinimalService.swift */; };
		OBJ_169 /* TestNoStandardsService.swift in Sources */ = {isa = PBXBuildFile; fileRef = OBJ_47 /* TestNoStandardsService.swift */; };
		OBJ_170 /* TestService.swift in Sources */ = {isa = PBXBuildFile; fileRef = OBJ_48 /* TestService.swift */; };
		OBJ_171 /* TestURLSession.swift in Sources */ = {isa = PBXBuildFile; fileRef = OBJ_49 /* TestURLSession.swift */; };
		OBJ_172 /* KeyValueEncoderTests.swift in Sources */ = {isa = PBXBuildFile; fileRef = OBJ_50 /* KeyValueEncoderTests.swift */; };
		OBJ_173 /* MakeRequestTestCase.swift in Sources */ = {isa = PBXBuildFile; fileRef = OBJ_51 /* MakeRequestTestCase.swift */; };
		OBJ_174 /* RequestFlowTests.swift in Sources */ = {isa = PBXBuildFile; fileRef = OBJ_52 /* RequestFlowTests.swift */; };
		OBJ_175 /* ResponseParsingTests.swift in Sources */ = {isa = PBXBuildFile; fileRef = OBJ_53 /* ResponseParsingTests.swift */; };
		OBJ_176 /* StatusCodeValidationTests.swift in Sources */ = {isa = PBXBuildFile; fileRef = OBJ_54 /* StatusCodeValidationTests.swift */; };
		OBJ_177 /* XCTestManifests.swift in Sources */ = {isa = PBXBuildFile; fileRef = OBJ_55 /* XCTestManifests.swift */; };
		OBJ_179 /* Decree.framework in Frameworks */ = {isa = PBXBuildFile; fileRef = "Decree::Decree::Product" /* Decree.framework */; };
		OBJ_180 /* XMLCoder.framework in Frameworks */ = {isa = PBXBuildFile; fileRef = "XMLCoder::XMLCoder::Product" /* XMLCoder.framework */; };
		OBJ_187 /* BoolBox.swift in Sources */ = {isa = PBXBuildFile; fileRef = OBJ_61 /* BoolBox.swift */; };
		OBJ_188 /* Box.swift in Sources */ = {isa = PBXBuildFile; fileRef = OBJ_62 /* Box.swift */; };
		OBJ_189 /* DataBox.swift in Sources */ = {isa = PBXBuildFile; fileRef = OBJ_63 /* DataBox.swift */; };
		OBJ_190 /* DateBox.swift in Sources */ = {isa = PBXBuildFile; fileRef = OBJ_64 /* DateBox.swift */; };
		OBJ_191 /* DecimalBox.swift in Sources */ = {isa = PBXBuildFile; fileRef = OBJ_65 /* DecimalBox.swift */; };
		OBJ_192 /* FloatBox.swift in Sources */ = {isa = PBXBuildFile; fileRef = OBJ_66 /* FloatBox.swift */; };
		OBJ_193 /* IntBox.swift in Sources */ = {isa = PBXBuildFile; fileRef = OBJ_67 /* IntBox.swift */; };
		OBJ_194 /* KeyedBox.swift in Sources */ = {isa = PBXBuildFile; fileRef = OBJ_68 /* KeyedBox.swift */; };
		OBJ_195 /* NullBox.swift in Sources */ = {isa = PBXBuildFile; fileRef = OBJ_69 /* NullBox.swift */; };
		OBJ_196 /* SharedBox.swift in Sources */ = {isa = PBXBuildFile; fileRef = OBJ_70 /* SharedBox.swift */; };
		OBJ_197 /* StringBox.swift in Sources */ = {isa = PBXBuildFile; fileRef = OBJ_71 /* StringBox.swift */; };
		OBJ_198 /* UIntBox.swift in Sources */ = {isa = PBXBuildFile; fileRef = OBJ_72 /* UIntBox.swift */; };
		OBJ_199 /* URLBox.swift in Sources */ = {isa = PBXBuildFile; fileRef = OBJ_73 /* URLBox.swift */; };
		OBJ_200 /* UnkeyedBox.swift in Sources */ = {isa = PBXBuildFile; fileRef = OBJ_74 /* UnkeyedBox.swift */; };
		OBJ_201 /* ISO8601DateFormatter.swift in Sources */ = {isa = PBXBuildFile; fileRef = OBJ_75 /* ISO8601DateFormatter.swift */; };
		OBJ_202 /* KeyedStorage.swift in Sources */ = {isa = PBXBuildFile; fileRef = OBJ_76 /* KeyedStorage.swift */; };
		OBJ_203 /* Metatypes.swift in Sources */ = {isa = PBXBuildFile; fileRef = OBJ_77 /* Metatypes.swift */; };
		OBJ_204 /* String+Extensions.swift in Sources */ = {isa = PBXBuildFile; fileRef = OBJ_78 /* String+Extensions.swift */; };
		OBJ_205 /* XMLCoderElement.swift in Sources */ = {isa = PBXBuildFile; fileRef = OBJ_79 /* XMLCoderElement.swift */; };
		OBJ_206 /* XMLHeader.swift in Sources */ = {isa = PBXBuildFile; fileRef = OBJ_80 /* XMLHeader.swift */; };
		OBJ_207 /* XMLKey.swift in Sources */ = {isa = PBXBuildFile; fileRef = OBJ_81 /* XMLKey.swift */; };
		OBJ_208 /* XMLStackParser.swift in Sources */ = {isa = PBXBuildFile; fileRef = OBJ_82 /* XMLStackParser.swift */; };
		OBJ_209 /* DecodingErrorExtension.swift in Sources */ = {isa = PBXBuildFile; fileRef = OBJ_84 /* DecodingErrorExtension.swift */; };
		OBJ_210 /* DynamicNodeDecoding.swift in Sources */ = {isa = PBXBuildFile; fileRef = OBJ_85 /* DynamicNodeDecoding.swift */; };
		OBJ_211 /* SingleValueDecodingContainer.swift in Sources */ = {isa = PBXBuildFile; fileRef = OBJ_86 /* SingleValueDecodingContainer.swift */; };
		OBJ_212 /* XMLDecoder.swift in Sources */ = {isa = PBXBuildFile; fileRef = OBJ_87 /* XMLDecoder.swift */; };
		OBJ_213 /* XMLDecoderImplementation.swift in Sources */ = {isa = PBXBuildFile; fileRef = OBJ_88 /* XMLDecoderImplementation.swift */; };
		OBJ_214 /* XMLDecodingStorage.swift in Sources */ = {isa = PBXBuildFile; fileRef = OBJ_89 /* XMLDecodingStorage.swift */; };
		OBJ_215 /* XMLKeyedDecodingContainer.swift in Sources */ = {isa = PBXBuildFile; fileRef = OBJ_90 /* XMLKeyedDecodingContainer.swift */; };
		OBJ_216 /* XMLUnkeyedDecodingContainer.swift in Sources */ = {isa = PBXBuildFile; fileRef = OBJ_91 /* XMLUnkeyedDecodingContainer.swift */; };
		OBJ_217 /* DynamicNodeEncoding.swift in Sources */ = {isa = PBXBuildFile; fileRef = OBJ_93 /* DynamicNodeEncoding.swift */; };
		OBJ_218 /* EncodingErrorExtension.swift in Sources */ = {isa = PBXBuildFile; fileRef = OBJ_94 /* EncodingErrorExtension.swift */; };
		OBJ_219 /* SingleValueEncodingContainer.swift in Sources */ = {isa = PBXBuildFile; fileRef = OBJ_95 /* SingleValueEncodingContainer.swift */; };
		OBJ_220 /* XMLEncoder.swift in Sources */ = {isa = PBXBuildFile; fileRef = OBJ_96 /* XMLEncoder.swift */; };
		OBJ_221 /* XMLEncoderImplementation.swift in Sources */ = {isa = PBXBuildFile; fileRef = OBJ_97 /* XMLEncoderImplementation.swift */; };
		OBJ_222 /* XMLEncodingStorage.swift in Sources */ = {isa = PBXBuildFile; fileRef = OBJ_98 /* XMLEncodingStorage.swift */; };
		OBJ_223 /* XMLKeyedEncodingContainer.swift in Sources */ = {isa = PBXBuildFile; fileRef = OBJ_99 /* XMLKeyedEncodingContainer.swift */; };
		OBJ_224 /* XMLReferencingEncoder.swift in Sources */ = {isa = PBXBuildFile; fileRef = OBJ_100 /* XMLReferencingEncoder.swift */; };
		OBJ_225 /* XMLUnkeyedEncodingContainer.swift in Sources */ = {isa = PBXBuildFile; fileRef = OBJ_101 /* XMLUnkeyedEncodingContainer.swift */; };
		OBJ_232 /* Package.swift in Sources */ = {isa = PBXBuildFile; fileRef = OBJ_102 /* Package.swift */; };
/* End PBXBuildFile section */

/* Begin PBXContainerItemProxy section */
		494A034522E7C01D00F2B18B /* PBXContainerItemProxy */ = {
			isa = PBXContainerItemProxy;
			containerPortal = OBJ_1 /* Project object */;
			proxyType = 1;
			remoteGlobalIDString = "XMLCoder::XMLCoder";
			remoteInfo = XMLCoder;
		};
		494A034622E7C01D00F2B18B /* PBXContainerItemProxy */ = {
			isa = PBXContainerItemProxy;
			containerPortal = OBJ_1 /* Project object */;
			proxyType = 1;
			remoteGlobalIDString = "Decree::Decree";
			remoteInfo = Decree;
		};
		494A034722E7C01D00F2B18B /* PBXContainerItemProxy */ = {
			isa = PBXContainerItemProxy;
			containerPortal = OBJ_1 /* Project object */;
			proxyType = 1;
			remoteGlobalIDString = "XMLCoder::XMLCoder";
			remoteInfo = XMLCoder;
		};
		494A034A22E7C04A00F2B18B /* PBXContainerItemProxy */ = {
			isa = PBXContainerItemProxy;
			containerPortal = OBJ_1 /* Project object */;
			proxyType = 1;
			remoteGlobalIDString = "Decree::DecreeTests";
			remoteInfo = DecreeTests;
		};
/* End PBXContainerItemProxy section */

/* Begin PBXFileReference section */
		494A034822E7C04900F2B18B /* Logger.swift */ = {isa = PBXFileReference; lastKnownFileType = sourcecode.swift; path = Logger.swift; sourceTree = "<group>"; };
		494A034B22E7C22F00F2B18B /* URLRequest+Logging.swift */ = {isa = PBXFileReference; lastKnownFileType = sourcecode.swift; path = "URLRequest+Logging.swift"; sourceTree = "<group>"; };
		494A034D22E7C68A00F2B18B /* URLResponse+Logging.swift */ = {isa = PBXFileReference; lastKnownFileType = sourcecode.swift; path = "URLResponse+Logging.swift"; sourceTree = "<group>"; };
		494A034F22E7CA8E00F2B18B /* HTTPStatus.swift */ = {isa = PBXFileReference; lastKnownFileType = sourcecode.swift; path = HTTPStatus.swift; sourceTree = "<group>"; };
		494A035122E7CF8100F2B18B /* LoggerTests.swift */ = {isa = PBXFileReference; lastKnownFileType = sourcecode.swift; path = LoggerTests.swift; sourceTree = "<group>"; };
		494A083C22E83B5F00F2B18B /* HTTPStatusTests.swift */ = {isa = PBXFileReference; lastKnownFileType = sourcecode.swift; path = HTTPStatusTests.swift; sourceTree = "<group>"; };
		"Decree::Decree::Product" /* Decree.framework */ = {isa = PBXFileReference; lastKnownFileType = wrapper.framework; path = Decree.framework; sourceTree = BUILT_PRODUCTS_DIR; };
		"Decree::DecreeTests::Product" /* DecreeTests.xctest */ = {isa = PBXFileReference; lastKnownFileType = file; path = DecreeTests.xctest; sourceTree = BUILT_PRODUCTS_DIR; };
		OBJ_10 /* Authorization.swift */ = {isa = PBXFileReference; lastKnownFileType = sourcecode.swift; path = Authorization.swift; sourceTree = "<group>"; };
		OBJ_100 /* XMLReferencingEncoder.swift */ = {isa = PBXFileReference; lastKnownFileType = sourcecode.swift; path = XMLReferencingEncoder.swift; sourceTree = "<group>"; };
		OBJ_101 /* XMLUnkeyedEncodingContainer.swift */ = {isa = PBXFileReference; lastKnownFileType = sourcecode.swift; path = XMLUnkeyedEncodingContainer.swift; sourceTree = "<group>"; };
		OBJ_102 /* Package.swift */ = {isa = PBXFileReference; explicitFileType = sourcecode.swift; name = Package.swift; path = /Users/andrew/git/personal/decree/.build/checkouts/XMLCoder/Package.swift; sourceTree = "<group>"; };
		OBJ_107 /* Assets */ = {isa = PBXFileReference; lastKnownFileType = folder; path = Assets; sourceTree = SOURCE_ROOT; };
		OBJ_108 /* LICENSE */ = {isa = PBXFileReference; lastKnownFileType = text; path = LICENSE; sourceTree = "<group>"; };
		OBJ_109 /* README.md */ = {isa = PBXFileReference; lastKnownFileType = net.daringfireball.markdown; path = README.md; sourceTree = "<group>"; };
		OBJ_11 /* AuthorizationRequirement.swift */ = {isa = PBXFileReference; lastKnownFileType = sourcecode.swift; path = AuthorizationRequirement.swift; sourceTree = "<group>"; };
		OBJ_110 /* Decree.podspec */ = {isa = PBXFileReference; lastKnownFileType = text; path = Decree.podspec; sourceTree = "<group>"; };
		OBJ_12 /* EmptyResult.swift */ = {isa = PBXFileReference; lastKnownFileType = sourcecode.swift; path = EmptyResult.swift; sourceTree = "<group>"; };
		OBJ_13 /* ErrorHandling.swift */ = {isa = PBXFileReference; lastKnownFileType = sourcecode.swift; path = ErrorHandling.swift; sourceTree = "<group>"; };
		OBJ_14 /* ErrorResponse.swift */ = {isa = PBXFileReference; lastKnownFileType = sourcecode.swift; path = ErrorResponse.swift; sourceTree = "<group>"; };
		OBJ_15 /* File.swift */ = {isa = PBXFileReference; lastKnownFileType = sourcecode.swift; path = File.swift; sourceTree = "<group>"; };
		OBJ_16 /* InputFormat.swift */ = {isa = PBXFileReference; lastKnownFileType = sourcecode.swift; path = InputFormat.swift; sourceTree = "<group>"; };
		OBJ_17 /* Method.swift */ = {isa = PBXFileReference; lastKnownFileType = sourcecode.swift; path = Method.swift; sourceTree = "<group>"; };
		OBJ_18 /* NoBasicResponse.swift */ = {isa = PBXFileReference; lastKnownFileType = sourcecode.swift; path = NoBasicResponse.swift; sourceTree = "<group>"; };
		OBJ_19 /* OutputFormat.swift */ = {isa = PBXFileReference; lastKnownFileType = sourcecode.swift; path = OutputFormat.swift; sourceTree = "<group>"; };
		OBJ_20 /* RequestError.swift */ = {isa = PBXFileReference; lastKnownFileType = sourcecode.swift; path = RequestError.swift; sourceTree = "<group>"; };
		OBJ_21 /* ResponseError.swift */ = {isa = PBXFileReference; lastKnownFileType = sourcecode.swift; path = ResponseError.swift; sourceTree = "<group>"; };
		OBJ_22 /* Session.swift */ = {isa = PBXFileReference; lastKnownFileType = sourcecode.swift; path = Session.swift; sourceTree = "<group>"; };
		OBJ_23 /* Endpoint+MakeRequest.swift */ = {isa = PBXFileReference; lastKnownFileType = sourcecode.swift; path = "Endpoint+MakeRequest.swift"; sourceTree = "<group>"; };
		OBJ_24 /* Endpoint.swift */ = {isa = PBXFileReference; lastKnownFileType = sourcecode.swift; path = Endpoint.swift; sourceTree = "<group>"; };
		OBJ_27 /* FormDataEncoder.swift */ = {isa = PBXFileReference; lastKnownFileType = sourcecode.swift; path = FormDataEncoder.swift; sourceTree = "<group>"; };
		OBJ_28 /* FormURLEncoder.swift */ = {isa = PBXFileReference; lastKnownFileType = sourcecode.swift; path = FormURLEncoder.swift; sourceTree = "<group>"; };
		OBJ_29 /* KeyValueEncoder.swift */ = {isa = PBXFileReference; lastKnownFileType = sourcecode.swift; path = KeyValueEncoder.swift; sourceTree = "<group>"; };
		OBJ_30 /* NSXMLParser_ErrorCode.swift */ = {isa = PBXFileReference; lastKnownFileType = sourcecode.swift; path = NSXMLParser_ErrorCode.swift; sourceTree = "<group>"; };
		OBJ_31 /* RequestInput.swift */ = {isa = PBXFileReference; lastKnownFileType = sourcecode.swift; path = RequestInput.swift; sourceTree = "<group>"; };
		OBJ_32 /* String+Helpers.swift */ = {isa = PBXFileReference; lastKnownFileType = sourcecode.swift; path = "String+Helpers.swift"; sourceTree = "<group>"; };
		OBJ_33 /* WebService+MakeRequest.swift */ = {isa = PBXFileReference; lastKnownFileType = sourcecode.swift; path = "WebService+MakeRequest.swift"; sourceTree = "<group>"; };
		OBJ_34 /* WebService.swift */ = {isa = PBXFileReference; lastKnownFileType = sourcecode.swift; path = WebService.swift; sourceTree = "<group>"; };
		OBJ_37 /* AuthenticationTests.swift */ = {isa = PBXFileReference; lastKnownFileType = sourcecode.swift; path = AuthenticationTests.swift; sourceTree = "<group>"; };
		OBJ_38 /* EmptyResultTests.swift */ = {isa = PBXFileReference; lastKnownFileType = sourcecode.swift; path = EmptyResultTests.swift; sourceTree = "<group>"; };
		OBJ_39 /* FileTests.swift */ = {isa = PBXFileReference; lastKnownFileType = sourcecode.swift; path = FileTests.swift; sourceTree = "<group>"; };
		OBJ_40 /* FormDataEncoderTests.swift */ = {isa = PBXFileReference; lastKnownFileType = sourcecode.swift; path = FormDataEncoderTests.swift; sourceTree = "<group>"; };
		OBJ_42 /* AuthenticatedService.swift */ = {isa = PBXFileReference; lastKnownFileType = sourcecode.swift; path = AuthenticatedService.swift; sourceTree = "<group>"; };
		OBJ_43 /* Data+Helpers.swift */ = {isa = PBXFileReference; lastKnownFileType = sourcecode.swift; path = "Data+Helpers.swift"; sourceTree = "<group>"; };
		OBJ_44 /* Decodable+Helpers.swift */ = {isa = PBXFileReference; lastKnownFileType = sourcecode.swift; path = "Decodable+Helpers.swift"; sourceTree = "<group>"; };
		OBJ_45 /* Result+Helpers.swift */ = {isa = PBXFileReference; lastKnownFileType = sourcecode.swift; path = "Result+Helpers.swift"; sourceTree = "<group>"; };
		OBJ_46 /* TestMinimalService.swift */ = {isa = PBXFileReference; lastKnownFileType = sourcecode.swift; path = TestMinimalService.swift; sourceTree = "<group>"; };
		OBJ_47 /* TestNoStandardsService.swift */ = {isa = PBXFileReference; lastKnownFileType = sourcecode.swift; path = TestNoStandardsService.swift; sourceTree = "<group>"; };
		OBJ_48 /* TestService.swift */ = {isa = PBXFileReference; lastKnownFileType = sourcecode.swift; path = TestService.swift; sourceTree = "<group>"; };
		OBJ_49 /* TestURLSession.swift */ = {isa = PBXFileReference; lastKnownFileType = sourcecode.swift; path = TestURLSession.swift; sourceTree = "<group>"; };
		OBJ_50 /* KeyValueEncoderTests.swift */ = {isa = PBXFileReference; lastKnownFileType = sourcecode.swift; path = KeyValueEncoderTests.swift; sourceTree = "<group>"; };
		OBJ_51 /* MakeRequestTestCase.swift */ = {isa = PBXFileReference; lastKnownFileType = sourcecode.swift; path = MakeRequestTestCase.swift; sourceTree = "<group>"; };
		OBJ_52 /* RequestFlowTests.swift */ = {isa = PBXFileReference; lastKnownFileType = sourcecode.swift; path = RequestFlowTests.swift; sourceTree = "<group>"; };
		OBJ_53 /* ResponseParsingTests.swift */ = {isa = PBXFileReference; lastKnownFileType = sourcecode.swift; path = ResponseParsingTests.swift; sourceTree = "<group>"; };
		OBJ_54 /* StatusCodeValidationTests.swift */ = {isa = PBXFileReference; lastKnownFileType = sourcecode.swift; path = StatusCodeValidationTests.swift; sourceTree = "<group>"; };
		OBJ_55 /* XCTestManifests.swift */ = {isa = PBXFileReference; lastKnownFileType = sourcecode.swift; path = XCTestManifests.swift; sourceTree = "<group>"; };
		OBJ_6 /* Package.swift */ = {isa = PBXFileReference; explicitFileType = sourcecode.swift; path = Package.swift; sourceTree = "<group>"; };
		OBJ_61 /* BoolBox.swift */ = {isa = PBXFileReference; lastKnownFileType = sourcecode.swift; path = BoolBox.swift; sourceTree = "<group>"; };
		OBJ_62 /* Box.swift */ = {isa = PBXFileReference; lastKnownFileType = sourcecode.swift; path = Box.swift; sourceTree = "<group>"; };
		OBJ_63 /* DataBox.swift */ = {isa = PBXFileReference; lastKnownFileType = sourcecode.swift; path = DataBox.swift; sourceTree = "<group>"; };
		OBJ_64 /* DateBox.swift */ = {isa = PBXFileReference; lastKnownFileType = sourcecode.swift; path = DateBox.swift; sourceTree = "<group>"; };
		OBJ_65 /* DecimalBox.swift */ = {isa = PBXFileReference; lastKnownFileType = sourcecode.swift; path = DecimalBox.swift; sourceTree = "<group>"; };
		OBJ_66 /* FloatBox.swift */ = {isa = PBXFileReference; lastKnownFileType = sourcecode.swift; path = FloatBox.swift; sourceTree = "<group>"; };
		OBJ_67 /* IntBox.swift */ = {isa = PBXFileReference; lastKnownFileType = sourcecode.swift; path = IntBox.swift; sourceTree = "<group>"; };
		OBJ_68 /* KeyedBox.swift */ = {isa = PBXFileReference; lastKnownFileType = sourcecode.swift; path = KeyedBox.swift; sourceTree = "<group>"; };
		OBJ_69 /* NullBox.swift */ = {isa = PBXFileReference; lastKnownFileType = sourcecode.swift; path = NullBox.swift; sourceTree = "<group>"; };
		OBJ_70 /* SharedBox.swift */ = {isa = PBXFileReference; lastKnownFileType = sourcecode.swift; path = SharedBox.swift; sourceTree = "<group>"; };
		OBJ_71 /* StringBox.swift */ = {isa = PBXFileReference; lastKnownFileType = sourcecode.swift; path = StringBox.swift; sourceTree = "<group>"; };
		OBJ_72 /* UIntBox.swift */ = {isa = PBXFileReference; lastKnownFileType = sourcecode.swift; path = UIntBox.swift; sourceTree = "<group>"; };
		OBJ_73 /* URLBox.swift */ = {isa = PBXFileReference; lastKnownFileType = sourcecode.swift; path = URLBox.swift; sourceTree = "<group>"; };
		OBJ_74 /* UnkeyedBox.swift */ = {isa = PBXFileReference; lastKnownFileType = sourcecode.swift; path = UnkeyedBox.swift; sourceTree = "<group>"; };
		OBJ_75 /* ISO8601DateFormatter.swift */ = {isa = PBXFileReference; lastKnownFileType = sourcecode.swift; path = ISO8601DateFormatter.swift; sourceTree = "<group>"; };
		OBJ_76 /* KeyedStorage.swift */ = {isa = PBXFileReference; lastKnownFileType = sourcecode.swift; path = KeyedStorage.swift; sourceTree = "<group>"; };
		OBJ_77 /* Metatypes.swift */ = {isa = PBXFileReference; lastKnownFileType = sourcecode.swift; path = Metatypes.swift; sourceTree = "<group>"; };
		OBJ_78 /* String+Extensions.swift */ = {isa = PBXFileReference; lastKnownFileType = sourcecode.swift; path = "String+Extensions.swift"; sourceTree = "<group>"; };
		OBJ_79 /* XMLCoderElement.swift */ = {isa = PBXFileReference; lastKnownFileType = sourcecode.swift; path = XMLCoderElement.swift; sourceTree = "<group>"; };
		OBJ_80 /* XMLHeader.swift */ = {isa = PBXFileReference; lastKnownFileType = sourcecode.swift; path = XMLHeader.swift; sourceTree = "<group>"; };
		OBJ_81 /* XMLKey.swift */ = {isa = PBXFileReference; lastKnownFileType = sourcecode.swift; path = XMLKey.swift; sourceTree = "<group>"; };
		OBJ_82 /* XMLStackParser.swift */ = {isa = PBXFileReference; lastKnownFileType = sourcecode.swift; path = XMLStackParser.swift; sourceTree = "<group>"; };
		OBJ_84 /* DecodingErrorExtension.swift */ = {isa = PBXFileReference; lastKnownFileType = sourcecode.swift; path = DecodingErrorExtension.swift; sourceTree = "<group>"; };
		OBJ_85 /* DynamicNodeDecoding.swift */ = {isa = PBXFileReference; lastKnownFileType = sourcecode.swift; path = DynamicNodeDecoding.swift; sourceTree = "<group>"; };
		OBJ_86 /* SingleValueDecodingContainer.swift */ = {isa = PBXFileReference; lastKnownFileType = sourcecode.swift; path = SingleValueDecodingContainer.swift; sourceTree = "<group>"; };
		OBJ_87 /* XMLDecoder.swift */ = {isa = PBXFileReference; lastKnownFileType = sourcecode.swift; path = XMLDecoder.swift; sourceTree = "<group>"; };
		OBJ_88 /* XMLDecoderImplementation.swift */ = {isa = PBXFileReference; lastKnownFileType = sourcecode.swift; path = XMLDecoderImplementation.swift; sourceTree = "<group>"; };
		OBJ_89 /* XMLDecodingStorage.swift */ = {isa = PBXFileReference; lastKnownFileType = sourcecode.swift; path = XMLDecodingStorage.swift; sourceTree = "<group>"; };
		OBJ_90 /* XMLKeyedDecodingContainer.swift */ = {isa = PBXFileReference; lastKnownFileType = sourcecode.swift; path = XMLKeyedDecodingContainer.swift; sourceTree = "<group>"; };
		OBJ_91 /* XMLUnkeyedDecodingContainer.swift */ = {isa = PBXFileReference; lastKnownFileType = sourcecode.swift; path = XMLUnkeyedDecodingContainer.swift; sourceTree = "<group>"; };
		OBJ_93 /* DynamicNodeEncoding.swift */ = {isa = PBXFileReference; lastKnownFileType = sourcecode.swift; path = DynamicNodeEncoding.swift; sourceTree = "<group>"; };
		OBJ_94 /* EncodingErrorExtension.swift */ = {isa = PBXFileReference; lastKnownFileType = sourcecode.swift; path = EncodingErrorExtension.swift; sourceTree = "<group>"; };
		OBJ_95 /* SingleValueEncodingContainer.swift */ = {isa = PBXFileReference; lastKnownFileType = sourcecode.swift; path = SingleValueEncodingContainer.swift; sourceTree = "<group>"; };
		OBJ_96 /* XMLEncoder.swift */ = {isa = PBXFileReference; lastKnownFileType = sourcecode.swift; path = XMLEncoder.swift; sourceTree = "<group>"; };
		OBJ_97 /* XMLEncoderImplementation.swift */ = {isa = PBXFileReference; lastKnownFileType = sourcecode.swift; path = XMLEncoderImplementation.swift; sourceTree = "<group>"; };
		OBJ_98 /* XMLEncodingStorage.swift */ = {isa = PBXFileReference; lastKnownFileType = sourcecode.swift; path = XMLEncodingStorage.swift; sourceTree = "<group>"; };
		OBJ_99 /* XMLKeyedEncodingContainer.swift */ = {isa = PBXFileReference; lastKnownFileType = sourcecode.swift; path = XMLKeyedEncodingContainer.swift; sourceTree = "<group>"; };
		"XMLCoder::XMLCoder::Product" /* XMLCoder.framework */ = {isa = PBXFileReference; lastKnownFileType = wrapper.framework; path = XMLCoder.framework; sourceTree = BUILT_PRODUCTS_DIR; };
/* End PBXFileReference section */

/* Begin PBXFrameworksBuildPhase section */
		OBJ_140 /* Frameworks */ = {
			isa = PBXFrameworksBuildPhase;
			buildActionMask = 0;
			files = (
				OBJ_141 /* XMLCoder.framework in Frameworks */,
			);
			runOnlyForDeploymentPostprocessing = 0;
		};
		OBJ_178 /* Frameworks */ = {
			isa = PBXFrameworksBuildPhase;
			buildActionMask = 0;
			files = (
				OBJ_179 /* Decree.framework in Frameworks */,
				OBJ_180 /* XMLCoder.framework in Frameworks */,
			);
			runOnlyForDeploymentPostprocessing = 0;
		};
		OBJ_226 /* Frameworks */ = {
			isa = PBXFrameworksBuildPhase;
			buildActionMask = 0;
			files = (
			);
			runOnlyForDeploymentPostprocessing = 0;
		};
/* End PBXFrameworksBuildPhase section */

/* Begin PBXGroup section */
		OBJ_103 /* Products */ = {
			isa = PBXGroup;
			children = (
				"XMLCoder::XMLCoder::Product" /* XMLCoder.framework */,
				"Decree::Decree::Product" /* Decree.framework */,
				"Decree::DecreeTests::Product" /* DecreeTests.xctest */,
			);
			name = Products;
			sourceTree = BUILT_PRODUCTS_DIR;
		};
		OBJ_25 /* Private */ = {
			isa = PBXGroup;
			children = (
				494A034F22E7CA8E00F2B18B /* HTTPStatus.swift */,
				OBJ_27 /* FormDataEncoder.swift */,
				OBJ_28 /* FormURLEncoder.swift */,
				OBJ_29 /* KeyValueEncoder.swift */,
				OBJ_30 /* NSXMLParser_ErrorCode.swift */,
				OBJ_31 /* RequestInput.swift */,
				OBJ_32 /* String+Helpers.swift */,
				OBJ_33 /* WebService+MakeRequest.swift */,
				494A034B22E7C22F00F2B18B /* URLRequest+Logging.swift */,
				494A034D22E7C68A00F2B18B /* URLResponse+Logging.swift */,
			);
			path = Private;
			sourceTree = "<group>";
		};
		OBJ_35 /* Tests */ = {
			isa = PBXGroup;
			children = (
				OBJ_36 /* DecreeTests */,
			);
			name = Tests;
			sourceTree = SOURCE_ROOT;
		};
		OBJ_36 /* DecreeTests */ = {
			isa = PBXGroup;
			children = (
				OBJ_37 /* AuthenticationTests.swift */,
				OBJ_38 /* EmptyResultTests.swift */,
				OBJ_39 /* FileTests.swift */,
				OBJ_40 /* FormDataEncoderTests.swift */,
				OBJ_41 /* Helpers */,
				OBJ_50 /* KeyValueEncoderTests.swift */,
				OBJ_51 /* MakeRequestTestCase.swift */,
				OBJ_52 /* RequestFlowTests.swift */,
				OBJ_53 /* ResponseParsingTests.swift */,
				OBJ_54 /* StatusCodeValidationTests.swift */,
				OBJ_55 /* XCTestManifests.swift */,
				494A035122E7CF8100F2B18B /* LoggerTests.swift */,
				494A083C22E83B5F00F2B18B /* HTTPStatusTests.swift */,
			);
			name = DecreeTests;
			path = Tests/DecreeTests;
			sourceTree = SOURCE_ROOT;
		};
		OBJ_41 /* Helpers */ = {
			isa = PBXGroup;
			children = (
				OBJ_42 /* AuthenticatedService.swift */,
				OBJ_43 /* Data+Helpers.swift */,
				OBJ_44 /* Decodable+Helpers.swift */,
				OBJ_45 /* Result+Helpers.swift */,
				OBJ_46 /* TestMinimalService.swift */,
				OBJ_47 /* TestNoStandardsService.swift */,
				OBJ_48 /* TestService.swift */,
				OBJ_49 /* TestURLSession.swift */,
			);
			path = Helpers;
			sourceTree = "<group>";
		};
		OBJ_5 = {
			isa = PBXGroup;
			children = (
				OBJ_6 /* Package.swift */,
				OBJ_7 /* Sources */,
				OBJ_35 /* Tests */,
				OBJ_56 /* Dependencies */,
				OBJ_103 /* Products */,
				OBJ_107 /* Assets */,
				OBJ_108 /* LICENSE */,
				OBJ_109 /* README.md */,
				OBJ_110 /* Decree.podspec */,
			);
			sourceTree = "<group>";
		};
		OBJ_56 /* Dependencies */ = {
			isa = PBXGroup;
			children = (
				OBJ_57 /* XMLCoder 1.0.0 */,
			);
			name = Dependencies;
			sourceTree = "<group>";
		};
		OBJ_57 /* XMLCoder 1.0.0 */ = {
			isa = PBXGroup;
			children = (
				OBJ_58 /* XMLCoder */,
				OBJ_102 /* Package.swift */,
			);
			name = "XMLCoder 1.0.0";
			sourceTree = SOURCE_ROOT;
		};
		OBJ_58 /* XMLCoder */ = {
			isa = PBXGroup;
			children = (
				OBJ_59 /* Auxiliaries */,
				OBJ_83 /* Decoder */,
				OBJ_92 /* Encoder */,
			);
			name = XMLCoder;
			path = .build/checkouts/XMLCoder/Sources/XMLCoder;
			sourceTree = SOURCE_ROOT;
		};
		OBJ_59 /* Auxiliaries */ = {
			isa = PBXGroup;
			children = (
				OBJ_60 /* Box */,
				OBJ_75 /* ISO8601DateFormatter.swift */,
				OBJ_76 /* KeyedStorage.swift */,
				OBJ_77 /* Metatypes.swift */,
				OBJ_78 /* String+Extensions.swift */,
				OBJ_79 /* XMLCoderElement.swift */,
				OBJ_80 /* XMLHeader.swift */,
				OBJ_81 /* XMLKey.swift */,
				OBJ_82 /* XMLStackParser.swift */,
			);
			path = Auxiliaries;
			sourceTree = "<group>";
		};
		OBJ_60 /* Box */ = {
			isa = PBXGroup;
			children = (
				OBJ_61 /* BoolBox.swift */,
				OBJ_62 /* Box.swift */,
				OBJ_63 /* DataBox.swift */,
				OBJ_64 /* DateBox.swift */,
				OBJ_65 /* DecimalBox.swift */,
				OBJ_66 /* FloatBox.swift */,
				OBJ_67 /* IntBox.swift */,
				OBJ_68 /* KeyedBox.swift */,
				OBJ_69 /* NullBox.swift */,
				OBJ_70 /* SharedBox.swift */,
				OBJ_71 /* StringBox.swift */,
				OBJ_72 /* UIntBox.swift */,
				OBJ_73 /* URLBox.swift */,
				OBJ_74 /* UnkeyedBox.swift */,
			);
			path = Box;
			sourceTree = "<group>";
		};
		OBJ_7 /* Sources */ = {
			isa = PBXGroup;
			children = (
				OBJ_8 /* Decree */,
			);
			name = Sources;
			sourceTree = SOURCE_ROOT;
		};
		OBJ_8 /* Decree */ = {
			isa = PBXGroup;
			children = (
				OBJ_9 /* Basic Types */,
				OBJ_23 /* Endpoint+MakeRequest.swift */,
				OBJ_24 /* Endpoint.swift */,
				OBJ_25 /* Private */,
				OBJ_34 /* WebService.swift */,
				494A034822E7C04900F2B18B /* Logger.swift */,
			);
			name = Decree;
			path = Sources/Decree;
			sourceTree = SOURCE_ROOT;
		};
		OBJ_83 /* Decoder */ = {
			isa = PBXGroup;
			children = (
				OBJ_84 /* DecodingErrorExtension.swift */,
				OBJ_85 /* DynamicNodeDecoding.swift */,
				OBJ_86 /* SingleValueDecodingContainer.swift */,
				OBJ_87 /* XMLDecoder.swift */,
				OBJ_88 /* XMLDecoderImplementation.swift */,
				OBJ_89 /* XMLDecodingStorage.swift */,
				OBJ_90 /* XMLKeyedDecodingContainer.swift */,
				OBJ_91 /* XMLUnkeyedDecodingContainer.swift */,
			);
			path = Decoder;
			sourceTree = "<group>";
		};
		OBJ_9 /* Basic Types */ = {
			isa = PBXGroup;
			children = (
				OBJ_10 /* Authorization.swift */,
				OBJ_11 /* AuthorizationRequirement.swift */,
				OBJ_12 /* EmptyResult.swift */,
				OBJ_13 /* ErrorHandling.swift */,
				OBJ_14 /* ErrorResponse.swift */,
				OBJ_15 /* File.swift */,
				OBJ_16 /* InputFormat.swift */,
				OBJ_17 /* Method.swift */,
				OBJ_18 /* NoBasicResponse.swift */,
				OBJ_19 /* OutputFormat.swift */,
				OBJ_20 /* RequestError.swift */,
				OBJ_21 /* ResponseError.swift */,
				OBJ_22 /* Session.swift */,
			);
			path = "Basic Types";
			sourceTree = "<group>";
		};
		OBJ_92 /* Encoder */ = {
			isa = PBXGroup;
			children = (
				OBJ_93 /* DynamicNodeEncoding.swift */,
				OBJ_94 /* EncodingErrorExtension.swift */,
				OBJ_95 /* SingleValueEncodingContainer.swift */,
				OBJ_96 /* XMLEncoder.swift */,
				OBJ_97 /* XMLEncoderImplementation.swift */,
				OBJ_98 /* XMLEncodingStorage.swift */,
				OBJ_99 /* XMLKeyedEncodingContainer.swift */,
				OBJ_100 /* XMLReferencingEncoder.swift */,
				OBJ_101 /* XMLUnkeyedEncodingContainer.swift */,
			);
			path = Encoder;
			sourceTree = "<group>";
		};
/* End PBXGroup section */

/* Begin PBXNativeTarget section */
		"Decree::Decree" /* Decree */ = {
			isa = PBXNativeTarget;
			buildConfigurationList = OBJ_112 /* Build configuration list for PBXNativeTarget "Decree" */;
			buildPhases = (
				OBJ_115 /* Sources */,
				OBJ_140 /* Frameworks */,
			);
			buildRules = (
			);
			dependencies = (
				OBJ_142 /* PBXTargetDependency */,
			);
			name = Decree;
			productName = Decree;
			productReference = "Decree::Decree::Product" /* Decree.framework */;
			productType = "com.apple.product-type.framework";
		};
		"Decree::DecreeTests" /* DecreeTests */ = {
			isa = PBXNativeTarget;
			buildConfigurationList = OBJ_156 /* Build configuration list for PBXNativeTarget "DecreeTests" */;
			buildPhases = (
				OBJ_159 /* Sources */,
				OBJ_178 /* Frameworks */,
			);
			buildRules = (
			);
			dependencies = (
				OBJ_181 /* PBXTargetDependency */,
				OBJ_182 /* PBXTargetDependency */,
			);
			name = DecreeTests;
			productName = DecreeTests;
			productReference = "Decree::DecreeTests::Product" /* DecreeTests.xctest */;
			productType = "com.apple.product-type.bundle.unit-test";
		};
		"Decree::SwiftPMPackageDescription" /* DecreePackageDescription */ = {
			isa = PBXNativeTarget;
			buildConfigurationList = OBJ_145 /* Build configuration list for PBXNativeTarget "DecreePackageDescription" */;
			buildPhases = (
				OBJ_148 /* Sources */,
			);
			buildRules = (
			);
			dependencies = (
			);
			name = DecreePackageDescription;
			productName = DecreePackageDescription;
			productType = "com.apple.product-type.framework";
		};
		"XMLCoder::SwiftPMPackageDescription" /* XMLCoderPackageDescription */ = {
			isa = PBXNativeTarget;
			buildConfigurationList = OBJ_228 /* Build configuration list for PBXNativeTarget "XMLCoderPackageDescription" */;
			buildPhases = (
				OBJ_231 /* Sources */,
			);
			buildRules = (
			);
			dependencies = (
			);
			name = XMLCoderPackageDescription;
			productName = XMLCoderPackageDescription;
			productType = "com.apple.product-type.framework";
		};
		"XMLCoder::XMLCoder" /* XMLCoder */ = {
			isa = PBXNativeTarget;
			buildConfigurationList = OBJ_183 /* Build configuration list for PBXNativeTarget "XMLCoder" */;
			buildPhases = (
				OBJ_186 /* Sources */,
				OBJ_226 /* Frameworks */,
			);
			buildRules = (
			);
			dependencies = (
			);
			name = XMLCoder;
			productName = XMLCoder;
			productReference = "XMLCoder::XMLCoder::Product" /* XMLCoder.framework */;
			productType = "com.apple.product-type.framework";
		};
/* End PBXNativeTarget section */

/* Begin PBXProject section */
		OBJ_1 /* Project object */ = {
			isa = PBXProject;
			attributes = {
				LastSwiftMigration = 9999;
				LastUpgradeCheck = 9999;
			};
			buildConfigurationList = OBJ_2 /* Build configuration list for PBXProject "Decree" */;
			compatibilityVersion = "Xcode 3.2";
			developmentRegion = English;
			hasScannedForEncodings = 0;
			knownRegions = (
				English,
				en,
			);
			mainGroup = OBJ_5;
			productRefGroup = OBJ_103 /* Products */;
			projectDirPath = "";
			projectRoot = "";
			targets = (
				"Decree::Decree" /* Decree */,
				"Decree::SwiftPMPackageDescription" /* DecreePackageDescription */,
				"Decree::DecreePackageTests::ProductTarget" /* DecreePackageTests */,
				"Decree::DecreeTests" /* DecreeTests */,
				"XMLCoder::XMLCoder" /* XMLCoder */,
				"XMLCoder::SwiftPMPackageDescription" /* XMLCoderPackageDescription */,
			);
		};
/* End PBXProject section */

/* Begin PBXSourcesBuildPhase section */
		OBJ_115 /* Sources */ = {
			isa = PBXSourcesBuildPhase;
			buildActionMask = 0;
			files = (
				OBJ_116 /* Authorization.swift in Sources */,
				OBJ_117 /* AuthorizationRequirement.swift in Sources */,
				OBJ_118 /* EmptyResult.swift in Sources */,
				OBJ_119 /* ErrorHandling.swift in Sources */,
				OBJ_120 /* ErrorResponse.swift in Sources */,
				OBJ_121 /* File.swift in Sources */,
				OBJ_122 /* InputFormat.swift in Sources */,
				OBJ_123 /* Method.swift in Sources */,
				OBJ_124 /* NoBasicResponse.swift in Sources */,
				OBJ_125 /* OutputFormat.swift in Sources */,
				OBJ_126 /* RequestError.swift in Sources */,
				OBJ_127 /* ResponseError.swift in Sources */,
				OBJ_128 /* Session.swift in Sources */,
				494A034C22E7C22F00F2B18B /* URLRequest+Logging.swift in Sources */,
				494A034E22E7C68A00F2B18B /* URLResponse+Logging.swift in Sources */,
				OBJ_129 /* Endpoint+MakeRequest.swift in Sources */,
				OBJ_130 /* Endpoint.swift in Sources */,
				OBJ_132 /* FormDataEncoder.swift in Sources */,
				OBJ_133 /* FormURLEncoder.swift in Sources */,
				OBJ_134 /* KeyValueEncoder.swift in Sources */,
				OBJ_135 /* NSXMLParser_ErrorCode.swift in Sources */,
				494A034922E7C04900F2B18B /* Logger.swift in Sources */,
				OBJ_136 /* RequestInput.swift in Sources */,
				OBJ_137 /* String+Helpers.swift in Sources */,
				OBJ_138 /* WebService+MakeRequest.swift in Sources */,
				OBJ_139 /* WebService.swift in Sources */,
				494A035022E7CA8E00F2B18B /* HTTPStatus.swift in Sources */,
			);
			runOnlyForDeploymentPostprocessing = 0;
		};
		OBJ_148 /* Sources */ = {
			isa = PBXSourcesBuildPhase;
			buildActionMask = 0;
			files = (
				OBJ_149 /* Package.swift in Sources */,
			);
			runOnlyForDeploymentPostprocessing = 0;
		};
		OBJ_159 /* Sources */ = {
			isa = PBXSourcesBuildPhase;
			buildActionMask = 0;
			files = (
				OBJ_160 /* AuthenticationTests.swift in Sources */,
				OBJ_161 /* EmptyResultTests.swift in Sources */,
				OBJ_162 /* FileTests.swift in Sources */,
				OBJ_163 /* FormDataEncoderTests.swift in Sources */,
				OBJ_164 /* AuthenticatedService.swift in Sources */,
				OBJ_165 /* Data+Helpers.swift in Sources */,
				OBJ_166 /* Decodable+Helpers.swift in Sources */,
				OBJ_167 /* Result+Helpers.swift in Sources */,
				OBJ_168 /* TestMinimalService.swift in Sources */,
				OBJ_169 /* TestNoStandardsService.swift in Sources */,
				494A035222E7CF8100F2B18B /* LoggerTests.swift in Sources */,
				OBJ_170 /* TestService.swift in Sources */,
				OBJ_171 /* TestURLSession.swift in Sources */,
				OBJ_172 /* KeyValueEncoderTests.swift in Sources */,
				OBJ_173 /* MakeRequestTestCase.swift in Sources */,
				OBJ_174 /* RequestFlowTests.swift in Sources */,
				OBJ_175 /* ResponseParsingTests.swift in Sources */,
				OBJ_176 /* StatusCodeValidationTests.swift in Sources */,
				OBJ_177 /* XCTestManifests.swift in Sources */,
				494A083D22E83B5F00F2B18B /* HTTPStatusTests.swift in Sources */,
			);
			runOnlyForDeploymentPostprocessing = 0;
		};
		OBJ_186 /* Sources */ = {
			isa = PBXSourcesBuildPhase;
			buildActionMask = 0;
			files = (
				OBJ_187 /* BoolBox.swift in Sources */,
				OBJ_188 /* Box.swift in Sources */,
				OBJ_189 /* DataBox.swift in Sources */,
				OBJ_190 /* DateBox.swift in Sources */,
				OBJ_191 /* DecimalBox.swift in Sources */,
				OBJ_192 /* FloatBox.swift in Sources */,
				OBJ_193 /* IntBox.swift in Sources */,
				OBJ_194 /* KeyedBox.swift in Sources */,
				OBJ_195 /* NullBox.swift in Sources */,
				OBJ_196 /* SharedBox.swift in Sources */,
				OBJ_197 /* StringBox.swift in Sources */,
				OBJ_198 /* UIntBox.swift in Sources */,
				OBJ_199 /* URLBox.swift in Sources */,
				OBJ_200 /* UnkeyedBox.swift in Sources */,
				OBJ_201 /* ISO8601DateFormatter.swift in Sources */,
				OBJ_202 /* KeyedStorage.swift in Sources */,
				OBJ_203 /* Metatypes.swift in Sources */,
				OBJ_204 /* String+Extensions.swift in Sources */,
				OBJ_205 /* XMLCoderElement.swift in Sources */,
				OBJ_206 /* XMLHeader.swift in Sources */,
				OBJ_207 /* XMLKey.swift in Sources */,
				OBJ_208 /* XMLStackParser.swift in Sources */,
				OBJ_209 /* DecodingErrorExtension.swift in Sources */,
				OBJ_210 /* DynamicNodeDecoding.swift in Sources */,
				OBJ_211 /* SingleValueDecodingContainer.swift in Sources */,
				OBJ_212 /* XMLDecoder.swift in Sources */,
				OBJ_213 /* XMLDecoderImplementation.swift in Sources */,
				OBJ_214 /* XMLDecodingStorage.swift in Sources */,
				OBJ_215 /* XMLKeyedDecodingContainer.swift in Sources */,
				OBJ_216 /* XMLUnkeyedDecodingContainer.swift in Sources */,
				OBJ_217 /* DynamicNodeEncoding.swift in Sources */,
				OBJ_218 /* EncodingErrorExtension.swift in Sources */,
				OBJ_219 /* SingleValueEncodingContainer.swift in Sources */,
				OBJ_220 /* XMLEncoder.swift in Sources */,
				OBJ_221 /* XMLEncoderImplementation.swift in Sources */,
				OBJ_222 /* XMLEncodingStorage.swift in Sources */,
				OBJ_223 /* XMLKeyedEncodingContainer.swift in Sources */,
				OBJ_224 /* XMLReferencingEncoder.swift in Sources */,
				OBJ_225 /* XMLUnkeyedEncodingContainer.swift in Sources */,
			);
			runOnlyForDeploymentPostprocessing = 0;
		};
		OBJ_231 /* Sources */ = {
			isa = PBXSourcesBuildPhase;
			buildActionMask = 0;
			files = (
				OBJ_232 /* Package.swift in Sources */,
			);
			runOnlyForDeploymentPostprocessing = 0;
		};
/* End PBXSourcesBuildPhase section */

/* Begin PBXTargetDependency section */
		OBJ_142 /* PBXTargetDependency */ = {
			isa = PBXTargetDependency;
			target = "XMLCoder::XMLCoder" /* XMLCoder */;
			targetProxy = 494A034522E7C01D00F2B18B /* PBXContainerItemProxy */;
		};
		OBJ_154 /* PBXTargetDependency */ = {
			isa = PBXTargetDependency;
			target = "Decree::DecreeTests" /* DecreeTests */;
			targetProxy = 494A034A22E7C04A00F2B18B /* PBXContainerItemProxy */;
		};
		OBJ_181 /* PBXTargetDependency */ = {
			isa = PBXTargetDependency;
			target = "Decree::Decree" /* Decree */;
			targetProxy = 494A034622E7C01D00F2B18B /* PBXContainerItemProxy */;
		};
		OBJ_182 /* PBXTargetDependency */ = {
			isa = PBXTargetDependency;
			target = "XMLCoder::XMLCoder" /* XMLCoder */;
			targetProxy = 494A034722E7C01D00F2B18B /* PBXContainerItemProxy */;
		};
/* End PBXTargetDependency section */

/* Begin XCBuildConfiguration section */
		OBJ_113 /* Debug */ = {
			isa = XCBuildConfiguration;
			buildSettings = {
				ENABLE_TESTABILITY = YES;
				FRAMEWORK_SEARCH_PATHS = (
					"$(inherited)",
					"$(PLATFORM_DIR)/Developer/Library/Frameworks",
				);
				HEADER_SEARCH_PATHS = "$(inherited)";
				INFOPLIST_FILE = Decree.xcodeproj/Decree_Info.plist;
				IPHONEOS_DEPLOYMENT_TARGET = 8.0;
				LD_RUNPATH_SEARCH_PATHS = "$(inherited) $(TOOLCHAIN_DIR)/usr/lib/swift/macosx";
				MACOSX_DEPLOYMENT_TARGET = 10.10;
				OTHER_CFLAGS = "$(inherited)";
				OTHER_LDFLAGS = "$(inherited)";
				OTHER_SWIFT_FLAGS = "$(inherited)";
				PRODUCT_BUNDLE_IDENTIFIER = Decree;
				PRODUCT_MODULE_NAME = "$(TARGET_NAME:c99extidentifier)";
				PRODUCT_NAME = "$(TARGET_NAME:c99extidentifier)";
				SKIP_INSTALL = YES;
				SWIFT_ACTIVE_COMPILATION_CONDITIONS = "$(inherited)";
				SWIFT_VERSION = 5.0;
				TARGET_NAME = Decree;
				TVOS_DEPLOYMENT_TARGET = 9.0;
				WATCHOS_DEPLOYMENT_TARGET = 2.0;
			};
			name = Debug;
		};
		OBJ_114 /* Release */ = {
			isa = XCBuildConfiguration;
			buildSettings = {
				ENABLE_TESTABILITY = YES;
				FRAMEWORK_SEARCH_PATHS = (
					"$(inherited)",
					"$(PLATFORM_DIR)/Developer/Library/Frameworks",
				);
				HEADER_SEARCH_PATHS = "$(inherited)";
				INFOPLIST_FILE = Decree.xcodeproj/Decree_Info.plist;
				IPHONEOS_DEPLOYMENT_TARGET = 8.0;
				LD_RUNPATH_SEARCH_PATHS = "$(inherited) $(TOOLCHAIN_DIR)/usr/lib/swift/macosx";
				MACOSX_DEPLOYMENT_TARGET = 10.10;
				OTHER_CFLAGS = "$(inherited)";
				OTHER_LDFLAGS = "$(inherited)";
				OTHER_SWIFT_FLAGS = "$(inherited)";
				PRODUCT_BUNDLE_IDENTIFIER = Decree;
				PRODUCT_MODULE_NAME = "$(TARGET_NAME:c99extidentifier)";
				PRODUCT_NAME = "$(TARGET_NAME:c99extidentifier)";
				SKIP_INSTALL = YES;
				SWIFT_ACTIVE_COMPILATION_CONDITIONS = "$(inherited)";
				SWIFT_VERSION = 5.0;
				TARGET_NAME = Decree;
				TVOS_DEPLOYMENT_TARGET = 9.0;
				WATCHOS_DEPLOYMENT_TARGET = 2.0;
			};
			name = Release;
		};
		OBJ_146 /* Debug */ = {
			isa = XCBuildConfiguration;
			buildSettings = {
				LD = /usr/bin/true;
				OTHER_SWIFT_FLAGS = "-swift-version 5 -I $(TOOLCHAIN_DIR)/usr/lib/swift/pm/4_2 -target x86_64-apple-macosx10.10 -sdk /Applications/Xcode.app/Contents/Developer/Platforms/MacOSX.platform/Developer/SDKs/MacOSX10.14.sdk";
				SWIFT_VERSION = 5.0;
			};
			name = Debug;
		};
		OBJ_147 /* Release */ = {
			isa = XCBuildConfiguration;
			buildSettings = {
				LD = /usr/bin/true;
				OTHER_SWIFT_FLAGS = "-swift-version 5 -I $(TOOLCHAIN_DIR)/usr/lib/swift/pm/4_2 -target x86_64-apple-macosx10.10 -sdk /Applications/Xcode.app/Contents/Developer/Platforms/MacOSX.platform/Developer/SDKs/MacOSX10.14.sdk";
				SWIFT_VERSION = 5.0;
			};
			name = Release;
		};
		OBJ_152 /* Debug */ = {
			isa = XCBuildConfiguration;
			buildSettings = {
			};
			name = Debug;
		};
		OBJ_153 /* Release */ = {
			isa = XCBuildConfiguration;
			buildSettings = {
			};
			name = Release;
		};
		OBJ_157 /* Debug */ = {
			isa = XCBuildConfiguration;
			buildSettings = {
				CLANG_ENABLE_MODULES = YES;
				EMBEDDED_CONTENT_CONTAINS_SWIFT = YES;
				FRAMEWORK_SEARCH_PATHS = (
					"$(inherited)",
					"$(PLATFORM_DIR)/Developer/Library/Frameworks",
				);
				HEADER_SEARCH_PATHS = "$(inherited)";
				INFOPLIST_FILE = Decree.xcodeproj/DecreeTests_Info.plist;
				IPHONEOS_DEPLOYMENT_TARGET = 8.0;
				LD_RUNPATH_SEARCH_PATHS = "$(inherited) @loader_path/../Frameworks @loader_path/Frameworks";
				MACOSX_DEPLOYMENT_TARGET = 10.10;
				OTHER_CFLAGS = "$(inherited)";
				OTHER_LDFLAGS = "$(inherited)";
				OTHER_SWIFT_FLAGS = "$(inherited)";
				SWIFT_ACTIVE_COMPILATION_CONDITIONS = "$(inherited)";
				SWIFT_VERSION = 5.0;
				TARGET_NAME = DecreeTests;
				TVOS_DEPLOYMENT_TARGET = 9.0;
				WATCHOS_DEPLOYMENT_TARGET = 2.0;
			};
			name = Debug;
		};
		OBJ_158 /* Release */ = {
			isa = XCBuildConfiguration;
			buildSettings = {
				CLANG_ENABLE_MODULES = YES;
				EMBEDDED_CONTENT_CONTAINS_SWIFT = YES;
				FRAMEWORK_SEARCH_PATHS = (
					"$(inherited)",
					"$(PLATFORM_DIR)/Developer/Library/Frameworks",
				);
				HEADER_SEARCH_PATHS = "$(inherited)";
				INFOPLIST_FILE = Decree.xcodeproj/DecreeTests_Info.plist;
				IPHONEOS_DEPLOYMENT_TARGET = 8.0;
				LD_RUNPATH_SEARCH_PATHS = "$(inherited) @loader_path/../Frameworks @loader_path/Frameworks";
				MACOSX_DEPLOYMENT_TARGET = 10.10;
				OTHER_CFLAGS = "$(inherited)";
				OTHER_LDFLAGS = "$(inherited)";
				OTHER_SWIFT_FLAGS = "$(inherited)";
				SWIFT_ACTIVE_COMPILATION_CONDITIONS = "$(inherited)";
				SWIFT_VERSION = 5.0;
				TARGET_NAME = DecreeTests;
				TVOS_DEPLOYMENT_TARGET = 9.0;
				WATCHOS_DEPLOYMENT_TARGET = 2.0;
			};
			name = Release;
		};
		OBJ_184 /* Debug */ = {
			isa = XCBuildConfiguration;
			buildSettings = {
				ENABLE_TESTABILITY = YES;
				FRAMEWORK_SEARCH_PATHS = (
					"$(inherited)",
					"$(PLATFORM_DIR)/Developer/Library/Frameworks",
				);
				HEADER_SEARCH_PATHS = "$(inherited)";
				INFOPLIST_FILE = Decree.xcodeproj/XMLCoder_Info.plist;
				IPHONEOS_DEPLOYMENT_TARGET = 8.0;
				LD_RUNPATH_SEARCH_PATHS = "$(inherited) $(TOOLCHAIN_DIR)/usr/lib/swift/macosx";
				MACOSX_DEPLOYMENT_TARGET = 10.10;
				OTHER_CFLAGS = "$(inherited)";
				OTHER_LDFLAGS = "$(inherited)";
				OTHER_SWIFT_FLAGS = "$(inherited)";
				PRODUCT_BUNDLE_IDENTIFIER = XMLCoder;
				PRODUCT_MODULE_NAME = "$(TARGET_NAME:c99extidentifier)";
				PRODUCT_NAME = "$(TARGET_NAME:c99extidentifier)";
				SKIP_INSTALL = YES;
				SWIFT_ACTIVE_COMPILATION_CONDITIONS = "$(inherited)";
				SWIFT_VERSION = 5.0;
				TARGET_NAME = XMLCoder;
				TVOS_DEPLOYMENT_TARGET = 9.0;
				WATCHOS_DEPLOYMENT_TARGET = 2.0;
			};
			name = Debug;
		};
		OBJ_185 /* Release */ = {
			isa = XCBuildConfiguration;
			buildSettings = {
				ENABLE_TESTABILITY = YES;
				FRAMEWORK_SEARCH_PATHS = (
					"$(inherited)",
					"$(PLATFORM_DIR)/Developer/Library/Frameworks",
				);
				HEADER_SEARCH_PATHS = "$(inherited)";
				INFOPLIST_FILE = Decree.xcodeproj/XMLCoder_Info.plist;
				IPHONEOS_DEPLOYMENT_TARGET = 8.0;
				LD_RUNPATH_SEARCH_PATHS = "$(inherited) $(TOOLCHAIN_DIR)/usr/lib/swift/macosx";
				MACOSX_DEPLOYMENT_TARGET = 10.10;
				OTHER_CFLAGS = "$(inherited)";
				OTHER_LDFLAGS = "$(inherited)";
				OTHER_SWIFT_FLAGS = "$(inherited)";
				PRODUCT_BUNDLE_IDENTIFIER = XMLCoder;
				PRODUCT_MODULE_NAME = "$(TARGET_NAME:c99extidentifier)";
				PRODUCT_NAME = "$(TARGET_NAME:c99extidentifier)";
				SKIP_INSTALL = YES;
				SWIFT_ACTIVE_COMPILATION_CONDITIONS = "$(inherited)";
				SWIFT_VERSION = 5.0;
				TARGET_NAME = XMLCoder;
				TVOS_DEPLOYMENT_TARGET = 9.0;
				WATCHOS_DEPLOYMENT_TARGET = 2.0;
			};
			name = Release;
		};
		OBJ_229 /* Debug */ = {
			isa = XCBuildConfiguration;
			buildSettings = {
				LD = /usr/bin/true;
				OTHER_SWIFT_FLAGS = "-swift-version 5 -I $(TOOLCHAIN_DIR)/usr/lib/swift/pm/4_2 -target x86_64-apple-macosx10.10 -sdk /Applications/Xcode.app/Contents/Developer/Platforms/MacOSX.platform/Developer/SDKs/MacOSX10.14.sdk";
				SWIFT_VERSION = 5.0;
			};
			name = Debug;
		};
		OBJ_230 /* Release */ = {
			isa = XCBuildConfiguration;
			buildSettings = {
				LD = /usr/bin/true;
				OTHER_SWIFT_FLAGS = "-swift-version 5 -I $(TOOLCHAIN_DIR)/usr/lib/swift/pm/4_2 -target x86_64-apple-macosx10.10 -sdk /Applications/Xcode.app/Contents/Developer/Platforms/MacOSX.platform/Developer/SDKs/MacOSX10.14.sdk";
				SWIFT_VERSION = 5.0;
			};
			name = Release;
		};
		OBJ_3 /* Debug */ = {
			isa = XCBuildConfiguration;
			buildSettings = {
				CLANG_ENABLE_OBJC_ARC = YES;
				COMBINE_HIDPI_IMAGES = YES;
				COPY_PHASE_STRIP = NO;
				DEBUG_INFORMATION_FORMAT = dwarf;
				DYLIB_INSTALL_NAME_BASE = "@rpath";
				ENABLE_NS_ASSERTIONS = YES;
				GCC_OPTIMIZATION_LEVEL = 0;
				GCC_PREPROCESSOR_DEFINITIONS = (
					"$(inherited)",
					"SWIFT_PACKAGE=1",
					"DEBUG=1",
				);
				MACOSX_DEPLOYMENT_TARGET = 10.10;
				ONLY_ACTIVE_ARCH = YES;
				OTHER_SWIFT_FLAGS = "-DXcode";
				PRODUCT_NAME = "$(TARGET_NAME)";
				SDKROOT = macosx;
				SUPPORTED_PLATFORMS = "macosx iphoneos iphonesimulator appletvos appletvsimulator watchos watchsimulator";
				SWIFT_ACTIVE_COMPILATION_CONDITIONS = "$(inherited) SWIFT_PACKAGE DEBUG";
				SWIFT_OPTIMIZATION_LEVEL = "-Onone";
				USE_HEADERMAP = NO;
			};
			name = Debug;
		};
		OBJ_4 /* Release */ = {
			isa = XCBuildConfiguration;
			buildSettings = {
				CLANG_ENABLE_OBJC_ARC = YES;
				COMBINE_HIDPI_IMAGES = YES;
				COPY_PHASE_STRIP = YES;
				DEBUG_INFORMATION_FORMAT = "dwarf-with-dsym";
				DYLIB_INSTALL_NAME_BASE = "@rpath";
				GCC_OPTIMIZATION_LEVEL = s;
				GCC_PREPROCESSOR_DEFINITIONS = (
					"$(inherited)",
					"SWIFT_PACKAGE=1",
				);
				MACOSX_DEPLOYMENT_TARGET = 10.10;
				OTHER_SWIFT_FLAGS = "-DXcode";
				PRODUCT_NAME = "$(TARGET_NAME)";
				SDKROOT = macosx;
				SUPPORTED_PLATFORMS = "macosx iphoneos iphonesimulator appletvos appletvsimulator watchos watchsimulator";
				SWIFT_ACTIVE_COMPILATION_CONDITIONS = "$(inherited) SWIFT_PACKAGE";
				SWIFT_OPTIMIZATION_LEVEL = "-Owholemodule";
				USE_HEADERMAP = NO;
			};
			name = Release;
		};
/* End XCBuildConfiguration section */

/* Begin XCConfigurationList section */
		OBJ_112 /* Build configuration list for PBXNativeTarget "Decree" */ = {
			isa = XCConfigurationList;
			buildConfigurations = (
				OBJ_113 /* Debug */,
				OBJ_114 /* Release */,
			);
			defaultConfigurationIsVisible = 0;
			defaultConfigurationName = Release;
		};
		OBJ_145 /* Build configuration list for PBXNativeTarget "DecreePackageDescription" */ = {
			isa = XCConfigurationList;
			buildConfigurations = (
				OBJ_146 /* Debug */,
				OBJ_147 /* Release */,
			);
			defaultConfigurationIsVisible = 0;
			defaultConfigurationName = Release;
		};
		OBJ_151 /* Build configuration list for PBXAggregateTarget "DecreePackageTests" */ = {
			isa = XCConfigurationList;
			buildConfigurations = (
				OBJ_152 /* Debug */,
				OBJ_153 /* Release */,
			);
			defaultConfigurationIsVisible = 0;
			defaultConfigurationName = Release;
		};
		OBJ_156 /* Build configuration list for PBXNativeTarget "DecreeTests" */ = {
			isa = XCConfigurationList;
			buildConfigurations = (
				OBJ_157 /* Debug */,
				OBJ_158 /* Release */,
			);
			defaultConfigurationIsVisible = 0;
			defaultConfigurationName = Release;
		};
		OBJ_183 /* Build configuration list for PBXNativeTarget "XMLCoder" */ = {
			isa = XCConfigurationList;
			buildConfigurations = (
				OBJ_184 /* Debug */,
				OBJ_185 /* Release */,
			);
			defaultConfigurationIsVisible = 0;
			defaultConfigurationName = Release;
		};
		OBJ_2 /* Build configuration list for PBXProject "Decree" */ = {
			isa = XCConfigurationList;
			buildConfigurations = (
				OBJ_3 /* Debug */,
				OBJ_4 /* Release */,
			);
			defaultConfigurationIsVisible = 0;
			defaultConfigurationName = Release;
		};
		OBJ_228 /* Build configuration list for PBXNativeTarget "XMLCoderPackageDescription" */ = {
			isa = XCConfigurationList;
			buildConfigurations = (
				OBJ_229 /* Debug */,
				OBJ_230 /* Release */,
			);
			defaultConfigurationIsVisible = 0;
			defaultConfigurationName = Release;
		};
/* End XCConfigurationList section */
	};
	rootObject = OBJ_1 /* Project object */;
}
